<?xml version="1.0" encoding="utf-8"?>
<Project ToolsVersion="4.0" xmlns="http://schemas.microsoft.com/developer/msbuild/2003">
  <ItemGroup>
    <Filter Include="Source files">
      <UniqueIdentifier>{057ede48-68b5-45bf-b4ae-c226db2b2ceb}</UniqueIdentifier>
      <Extensions>cpp;c;cc;cxx;def;odl;idl;hpj;bat;asm;asmx</Extensions>
    </Filter>
    <Filter Include="Header files">
      <UniqueIdentifier>{dc1196fa-f6bf-4856-ba73-8a25039ebb98}</UniqueIdentifier>
      <Extensions>h;hpp;hxx;hm;inl;inc;xsd</Extensions>
    </Filter>
    <Filter Include="Resource files">
      <UniqueIdentifier>{3801a0f6-b1ba-4c43-8993-66e1b8f39a7f}</UniqueIdentifier>
      <Extensions>rc;ico;cur;bmp;dlg;rc2;rct;bin;rgs;gif;jpg;jpeg;jpe;resx;tiff;tif;png;wav</Extensions>
    </Filter>
    <Filter Include="Make files">
      <UniqueIdentifier>{9fcf2315-5b44-4a40-8401-39af9e99c700}</UniqueIdentifier>
      <Extensions>*.mak</Extensions>
    </Filter>
    <Filter Include="Source files\mbed Files">
      <UniqueIdentifier>{ee45e78d-e4f6-4ad2-97ba-4621670a0cd6}</UniqueIdentifier>
    </Filter>
    <Filter Include="Header files\mbed Files">
      <UniqueIdentifier>{a187c2af-64fa-4f67-9286-0ccee2dea008}</UniqueIdentifier>
    </Filter>
    <Filter Include="Source files\HAL_USB_driver">
      <UniqueIdentifier>{988225eb-54e3-45a8-ba51-9a33d924d2bf}</UniqueIdentifier>
    </Filter>
    <Filter Include="Header files\HAL_USB_driver">
      <UniqueIdentifier>{16ed65ba-52f3-48e7-8256-2a84f377340e}</UniqueIdentifier>
    </Filter>
    <Filter Include="Source files\AFM_Program">
      <UniqueIdentifier>{bf674fb2-4048-4173-83c0-bb1d73eddc39}</UniqueIdentifier>
    </Filter>
    <Filter Include="Header files\AFM_Program">
      <UniqueIdentifier>{fa0995ce-bdf9-463d-a25b-60eb8b153862}</UniqueIdentifier>
    </Filter>
  </ItemGroup>
  <ItemGroup>
    <ClCompile Include="C:\Users\AFM\AppData\Local\VisualGDB\EmbeddedBSPs\arm-eabi\com.sysprogs.arm.mbed\libraries\mbed\common\mbed_interface.c">
      <Filter>Source files\mbed Files</Filter>
    </ClCompile>
    <ClCompile Include="C:\Users\AFM\AppData\Local\VisualGDB\EmbeddedBSPs\arm-eabi\com.sysprogs.arm.mbed\libraries\mbed\common\retarget.cpp">
      <Filter>Source files\mbed Files</Filter>
    </ClCompile>
    <ClCompile Include="C:\Users\AFM\AppData\Local\VisualGDB\EmbeddedBSPs\arm-eabi\com.sysprogs.arm.mbed\libraries\mbed\common\InterruptManager.cpp">
      <Filter>Source files\mbed Files</Filter>
    </ClCompile>
    <ClCompile Include="C:\Users\AFM\AppData\Local\VisualGDB\EmbeddedBSPs\arm-eabi\com.sysprogs.arm.mbed\libraries\mbed\common\lp_ticker_api.c">
      <Filter>Source files\mbed Files</Filter>
    </ClCompile>
    <ClCompile Include="C:\Users\AFM\AppData\Local\VisualGDB\EmbeddedBSPs\arm-eabi\com.sysprogs.arm.mbed\libraries\mbed\common\BusIn.cpp">
      <Filter>Source files\mbed Files</Filter>
    </ClCompile>
    <ClCompile Include="C:\Users\AFM\AppData\Local\VisualGDB\EmbeddedBSPs\arm-eabi\com.sysprogs.arm.mbed\libraries\mbed\common\Ticker.cpp">
      <Filter>Source files\mbed Files</Filter>
    </ClCompile>
    <ClCompile Include="C:\Users\AFM\AppData\Local\VisualGDB\EmbeddedBSPs\arm-eabi\com.sysprogs.arm.mbed\libraries\mbed\common\assert.c">
      <Filter>Source files\mbed Files</Filter>
    </ClCompile>
    <ClCompile Include="C:\Users\AFM\AppData\Local\VisualGDB\EmbeddedBSPs\arm-eabi\com.sysprogs.arm.mbed\libraries\mbed\common\us_ticker_api.c">
      <Filter>Source files\mbed Files</Filter>
    </ClCompile>
    <ClCompile Include="C:\Users\AFM\AppData\Local\VisualGDB\EmbeddedBSPs\arm-eabi\com.sysprogs.arm.mbed\libraries\mbed\common\InterruptIn.cpp">
      <Filter>Source files\mbed Files</Filter>
    </ClCompile>
    <ClCompile Include="C:\Users\AFM\AppData\Local\VisualGDB\EmbeddedBSPs\arm-eabi\com.sysprogs.arm.mbed\libraries\mbed\common\LocalFileSystem.cpp">
      <Filter>Source files\mbed Files</Filter>
    </ClCompile>
    <ClCompile Include="C:\Users\AFM\AppData\Local\VisualGDB\EmbeddedBSPs\arm-eabi\com.sysprogs.arm.mbed\libraries\mbed\common\BusOut.cpp">
      <Filter>Source files\mbed Files</Filter>
    </ClCompile>
    <ClCompile Include="C:\Users\AFM\AppData\Local\VisualGDB\EmbeddedBSPs\arm-eabi\com.sysprogs.arm.mbed\libraries\mbed\common\Ethernet.cpp">
      <Filter>Source files\mbed Files</Filter>
    </ClCompile>
    <ClCompile Include="C:\Users\AFM\AppData\Local\VisualGDB\EmbeddedBSPs\arm-eabi\com.sysprogs.arm.mbed\libraries\mbed\common\CallChain.cpp">
      <Filter>Source files\mbed Files</Filter>
    </ClCompile>
    <ClCompile Include="C:\Users\AFM\AppData\Local\VisualGDB\EmbeddedBSPs\arm-eabi\com.sysprogs.arm.mbed\libraries\mbed\common\CAN.cpp">
      <Filter>Source files\mbed Files</Filter>
    </ClCompile>
    <ClCompile Include="C:\Users\AFM\AppData\Local\VisualGDB\EmbeddedBSPs\arm-eabi\com.sysprogs.arm.mbed\libraries\mbed\common\FilePath.cpp">
      <Filter>Source files\mbed Files</Filter>
    </ClCompile>
    <ClCompile Include="C:\Users\AFM\AppData\Local\VisualGDB\EmbeddedBSPs\arm-eabi\com.sysprogs.arm.mbed\libraries\mbed\common\ticker_api.c">
      <Filter>Source files\mbed Files</Filter>
    </ClCompile>
    <ClCompile Include="C:\Users\AFM\AppData\Local\VisualGDB\EmbeddedBSPs\arm-eabi\com.sysprogs.arm.mbed\libraries\mbed\common\FileBase.cpp">
      <Filter>Source files\mbed Files</Filter>
    </ClCompile>
    <ClCompile Include="C:\Users\AFM\AppData\Local\VisualGDB\EmbeddedBSPs\arm-eabi\com.sysprogs.arm.mbed\libraries\mbed\common\error.c">
      <Filter>Source files\mbed Files</Filter>
    </ClCompile>
    <ClCompile Include="C:\Users\AFM\AppData\Local\VisualGDB\EmbeddedBSPs\arm-eabi\com.sysprogs.arm.mbed\libraries\mbed\common\Serial.cpp">
      <Filter>Source files\mbed Files</Filter>
    </ClCompile>
    <ClCompile Include="C:\Users\AFM\AppData\Local\VisualGDB\EmbeddedBSPs\arm-eabi\com.sysprogs.arm.mbed\libraries\mbed\common\I2C.cpp">
      <Filter>Source files\mbed Files</Filter>
    </ClCompile>
    <ClCompile Include="C:\Users\AFM\AppData\Local\VisualGDB\EmbeddedBSPs\arm-eabi\com.sysprogs.arm.mbed\libraries\mbed\common\rtc_time.c">
      <Filter>Source files\mbed Files</Filter>
    </ClCompile>
    <ClCompile Include="C:\Users\AFM\AppData\Local\VisualGDB\EmbeddedBSPs\arm-eabi\com.sysprogs.arm.mbed\libraries\mbed\common\RawSerial.cpp">
      <Filter>Source files\mbed Files</Filter>
    </ClCompile>
    <ClCompile Include="C:\Users\AFM\AppData\Local\VisualGDB\EmbeddedBSPs\arm-eabi\com.sysprogs.arm.mbed\libraries\mbed\common\Timeout.cpp">
      <Filter>Source files\mbed Files</Filter>
    </ClCompile>
    <ClCompile Include="C:\Users\AFM\AppData\Local\VisualGDB\EmbeddedBSPs\arm-eabi\com.sysprogs.arm.mbed\libraries\mbed\common\SPISlave.cpp">
      <Filter>Source files\mbed Files</Filter>
    </ClCompile>
    <ClCompile Include="C:\Users\AFM\AppData\Local\VisualGDB\EmbeddedBSPs\arm-eabi\com.sysprogs.arm.mbed\libraries\mbed\common\Timer.cpp">
      <Filter>Source files\mbed Files</Filter>
    </ClCompile>
    <ClCompile Include="C:\Users\AFM\AppData\Local\VisualGDB\EmbeddedBSPs\arm-eabi\com.sysprogs.arm.mbed\libraries\mbed\common\wait_api.c">
      <Filter>Source files\mbed Files</Filter>
    </ClCompile>
    <ClCompile Include="C:\Users\AFM\AppData\Local\VisualGDB\EmbeddedBSPs\arm-eabi\com.sysprogs.arm.mbed\libraries\mbed\common\board.c">
      <Filter>Source files\mbed Files</Filter>
    </ClCompile>
    <ClCompile Include="C:\Users\AFM\AppData\Local\VisualGDB\EmbeddedBSPs\arm-eabi\com.sysprogs.arm.mbed\libraries\mbed\common\SPI.cpp">
      <Filter>Source files\mbed Files</Filter>
    </ClCompile>
    <ClCompile Include="C:\Users\AFM\AppData\Local\VisualGDB\EmbeddedBSPs\arm-eabi\com.sysprogs.arm.mbed\libraries\mbed\common\FileLike.cpp">
      <Filter>Source files\mbed Files</Filter>
    </ClCompile>
    <ClCompile Include="C:\Users\AFM\AppData\Local\VisualGDB\EmbeddedBSPs\arm-eabi\com.sysprogs.arm.mbed\libraries\mbed\common\FileSystemLike.cpp">
      <Filter>Source files\mbed Files</Filter>
    </ClCompile>
    <ClCompile Include="C:\Users\AFM\AppData\Local\VisualGDB\EmbeddedBSPs\arm-eabi\com.sysprogs.arm.mbed\libraries\mbed\common\Stream.cpp">
      <Filter>Source files\mbed Files</Filter>
    </ClCompile>
    <ClCompile Include="C:\Users\AFM\AppData\Local\VisualGDB\EmbeddedBSPs\arm-eabi\com.sysprogs.arm.mbed\libraries\mbed\common\BusInOut.cpp">
      <Filter>Source files\mbed Files</Filter>
    </ClCompile>
    <ClCompile Include="C:\Users\AFM\AppData\Local\VisualGDB\EmbeddedBSPs\arm-eabi\com.sysprogs.arm.mbed\libraries\mbed\common\SerialBase.cpp">
      <Filter>Source files\mbed Files</Filter>
    </ClCompile>
    <ClCompile Include="C:\Users\AFM\AppData\Local\VisualGDB\EmbeddedBSPs\arm-eabi\com.sysprogs.arm.mbed\libraries\mbed\common\I2CSlave.cpp">
      <Filter>Source files\mbed Files</Filter>
    </ClCompile>
    <ClCompile Include="C:\Users\AFM\AppData\Local\VisualGDB\EmbeddedBSPs\arm-eabi\com.sysprogs.arm.mbed\libraries\mbed\common\pinmap_common.c">
      <Filter>Source files\mbed Files</Filter>
    </ClCompile>
    <ClCompile Include="C:\Users\AFM\AppData\Local\VisualGDB\EmbeddedBSPs\arm-eabi\com.sysprogs.arm.mbed\libraries\mbed\common\semihost_api.c">
      <Filter>Source files\mbed Files</Filter>
    </ClCompile>
    <ClCompile Include="C:\Users\AFM\AppData\Local\VisualGDB\EmbeddedBSPs\arm-eabi\com.sysprogs.arm.mbed\libraries\mbed\common\gpio.c">
      <Filter>Source files\mbed Files</Filter>
    </ClCompile>
    <ClCompile Include="C:\Users\AFM\AppData\Local\VisualGDB\EmbeddedBSPs\arm-eabi\com.sysprogs.arm.mbed\libraries\mbed\common\TimerEvent.cpp">
      <Filter>Source files\mbed Files</Filter>
    </ClCompile>
    <ClCompile Include="C:\Users\AFM\AppData\Local\VisualGDB\EmbeddedBSPs\arm-eabi\com.sysprogs.arm.mbed\stubs.cpp">
      <Filter>Source files\mbed Files</Filter>
    </ClCompile>
    <ClCompile Include="C:\Users\AFM\AppData\Local\VisualGDB\EmbeddedBSPs\arm-eabi\com.sysprogs.arm.mbed\libraries\mbed\targets\cmsis\TARGET_STM\TARGET_STM32F7\stm32f7xx_hal.c">
      <Filter>Source files\mbed Files</Filter>
    </ClCompile>
    <ClCompile Include="C:\Users\AFM\AppData\Local\VisualGDB\EmbeddedBSPs\arm-eabi\com.sysprogs.arm.mbed\libraries\mbed\targets\cmsis\TARGET_STM\TARGET_STM32F7\stm32f7xx_hal_dma.c">
      <Filter>Source files\mbed Files</Filter>
    </ClCompile>
    <ClCompile Include="C:\Users\AFM\AppData\Local\VisualGDB\EmbeddedBSPs\arm-eabi\com.sysprogs.arm.mbed\libraries\mbed\targets\hal\TARGET_STM\TARGET_STM32F7\TARGET_DISCO_F746NG\PeripheralPins.c">
      <Filter>Source files\mbed Files</Filter>
    </ClCompile>
    <ClCompile Include="C:\Users\AFM\AppData\Local\VisualGDB\EmbeddedBSPs\arm-eabi\com.sysprogs.arm.mbed\libraries\mbed\targets\cmsis\TARGET_STM\TARGET_STM32F7\stm32f7xx_hal_pcd_ex.c">
      <Filter>Source files\mbed Files</Filter>
    </ClCompile>
    <ClCompile Include="C:\Users\AFM\AppData\Local\VisualGDB\EmbeddedBSPs\arm-eabi\com.sysprogs.arm.mbed\libraries\mbed\targets\cmsis\TARGET_STM\TARGET_STM32F7\stm32f7xx_hal_pcd.c">
      <Filter>Source files\mbed Files</Filter>
    </ClCompile>
    <ClCompile Include="C:\Users\AFM\AppData\Local\VisualGDB\EmbeddedBSPs\arm-eabi\com.sysprogs.arm.mbed\libraries\mbed\targets\cmsis\TARGET_STM\TARGET_STM32F7\stm32f7xx_hal_nand.c">
      <Filter>Source files\mbed Files</Filter>
    </ClCompile>
    <ClCompile Include="C:\Users\AFM\AppData\Local\VisualGDB\EmbeddedBSPs\arm-eabi\com.sysprogs.arm.mbed\libraries\mbed\targets\cmsis\TARGET_STM\TARGET_STM32F7\stm32f7xx_hal_rtc_ex.c">
      <Filter>Source files\mbed Files</Filter>
    </ClCompile>
    <ClCompile Include="C:\Users\AFM\AppData\Local\VisualGDB\EmbeddedBSPs\arm-eabi\com.sysprogs.arm.mbed\libraries\mbed\targets\cmsis\TARGET_STM\TARGET_STM32F7\stm32f7xx_ll_sdmmc.c">
      <Filter>Source files\mbed Files</Filter>
    </ClCompile>
    <ClCompile Include="C:\Users\AFM\AppData\Local\VisualGDB\EmbeddedBSPs\arm-eabi\com.sysprogs.arm.mbed\libraries\mbed\targets\cmsis\TARGET_STM\TARGET_STM32F7\stm32f7xx_hal_lptim.c">
      <Filter>Source files\mbed Files</Filter>
    </ClCompile>
    <ClCompile Include="C:\Users\AFM\AppData\Local\VisualGDB\EmbeddedBSPs\arm-eabi\com.sysprogs.arm.mbed\libraries\mbed\targets\cmsis\TARGET_STM\TARGET_STM32F7\stm32f7xx_hal_sai.c">
      <Filter>Source files\mbed Files</Filter>
    </ClCompile>
    <ClCompile Include="C:\Users\AFM\AppData\Local\VisualGDB\EmbeddedBSPs\arm-eabi\com.sysprogs.arm.mbed\libraries\mbed\targets\cmsis\TARGET_STM\TARGET_STM32F7\stm32f7xx_hal_pwr_ex.c">
      <Filter>Source files\mbed Files</Filter>
    </ClCompile>
    <ClCompile Include="C:\Users\AFM\AppData\Local\VisualGDB\EmbeddedBSPs\arm-eabi\com.sysprogs.arm.mbed\libraries\mbed\targets\cmsis\TARGET_STM\TARGET_STM32F7\stm32f7xx_hal_hcd.c">
      <Filter>Source files\mbed Files</Filter>
    </ClCompile>
    <ClCompile Include="C:\Users\AFM\AppData\Local\VisualGDB\EmbeddedBSPs\arm-eabi\com.sysprogs.arm.mbed\libraries\mbed\targets\cmsis\TARGET_STM\TARGET_STM32F7\stm32f7xx_hal_adc_ex.c">
      <Filter>Source files\mbed Files</Filter>
    </ClCompile>
    <ClCompile Include="C:\Users\AFM\AppData\Local\VisualGDB\EmbeddedBSPs\arm-eabi\com.sysprogs.arm.mbed\libraries\mbed\targets\cmsis\TARGET_STM\TARGET_STM32F7\stm32f7xx_hal_adc.c">
      <Filter>Source files\mbed Files</Filter>
    </ClCompile>
    <ClCompile Include="C:\Users\AFM\AppData\Local\VisualGDB\EmbeddedBSPs\arm-eabi\com.sysprogs.arm.mbed\libraries\mbed\targets\cmsis\TARGET_STM\TARGET_STM32F7\stm32f7xx_ll_usb.c">
      <Filter>Source files\mbed Files</Filter>
    </ClCompile>
    <ClCompile Include="C:\Users\AFM\AppData\Local\VisualGDB\EmbeddedBSPs\arm-eabi\com.sysprogs.arm.mbed\libraries\mbed\targets\cmsis\TARGET_STM\TARGET_STM32F7\stm32f7xx_hal_dac.c">
      <Filter>Source files\mbed Files</Filter>
    </ClCompile>
    <ClCompile Include="C:\Users\AFM\AppData\Local\VisualGDB\EmbeddedBSPs\arm-eabi\com.sysprogs.arm.mbed\libraries\mbed\targets\cmsis\TARGET_STM\TARGET_STM32F7\stm32f7xx_hal_dcmi.c">
      <Filter>Source files\mbed Files</Filter>
    </ClCompile>
    <ClCompile Include="C:\Users\AFM\AppData\Local\VisualGDB\EmbeddedBSPs\arm-eabi\com.sysprogs.arm.mbed\libraries\mbed\targets\hal\TARGET_STM\TARGET_STM32F7\gpio_irq_api.c">
      <Filter>Source files\mbed Files</Filter>
    </ClCompile>
    <ClCompile Include="C:\Users\AFM\AppData\Local\VisualGDB\EmbeddedBSPs\arm-eabi\com.sysprogs.arm.mbed\libraries\mbed\targets\cmsis\TARGET_STM\TARGET_STM32F7\stm32f7xx_hal_rcc.c">
      <Filter>Source files\mbed Files</Filter>
    </ClCompile>
    <ClCompile Include="C:\Users\AFM\AppData\Local\VisualGDB\EmbeddedBSPs\arm-eabi\com.sysprogs.arm.mbed\libraries\mbed\targets\cmsis\TARGET_STM\TARGET_STM32F7\stm32f7xx_hal_dma_ex.c">
      <Filter>Source files\mbed Files</Filter>
    </ClCompile>
    <ClCompile Include="C:\Users\AFM\AppData\Local\VisualGDB\EmbeddedBSPs\arm-eabi\com.sysprogs.arm.mbed\libraries\mbed\targets\cmsis\TARGET_STM\TARGET_STM32F7\stm32f7xx_hal_irda.c">
      <Filter>Source files\mbed Files</Filter>
    </ClCompile>
    <ClCompile Include="C:\Users\AFM\AppData\Local\VisualGDB\EmbeddedBSPs\arm-eabi\com.sysprogs.arm.mbed\libraries\mbed\targets\cmsis\TARGET_STM\TARGET_STM32F7\stm32f7xx_hal_smartcard_ex.c">
      <Filter>Source files\mbed Files</Filter>
    </ClCompile>
    <ClCompile Include="C:\Users\AFM\AppData\Local\VisualGDB\EmbeddedBSPs\arm-eabi\com.sysprogs.arm.mbed\libraries\mbed\targets\cmsis\TARGET_STM\TARGET_STM32F7\stm32f7xx_hal_flash.c">
      <Filter>Source files\mbed Files</Filter>
    </ClCompile>
    <ClCompile Include="C:\Users\AFM\AppData\Local\VisualGDB\EmbeddedBSPs\arm-eabi\com.sysprogs.arm.mbed\libraries\mbed\targets\cmsis\TARGET_STM\TARGET_STM32F7\stm32f7xx_hal_crc_ex.c">
      <Filter>Source files\mbed Files</Filter>
    </ClCompile>
    <ClCompile Include="C:\Users\AFM\AppData\Local\VisualGDB\EmbeddedBSPs\arm-eabi\com.sysprogs.arm.mbed\libraries\mbed\targets\cmsis\TARGET_STM\TARGET_STM32F7\stm32f7xx_hal_rng.c">
      <Filter>Source files\mbed Files</Filter>
    </ClCompile>
    <ClCompile Include="C:\Users\AFM\AppData\Local\VisualGDB\EmbeddedBSPs\arm-eabi\com.sysprogs.arm.mbed\libraries\mbed\targets\cmsis\TARGET_STM\TARGET_STM32F7\TARGET_DISCO_F746NG\cmsis_nvic.c">
      <Filter>Source files\mbed Files</Filter>
    </ClCompile>
    <ClCompile Include="C:\Users\AFM\AppData\Local\VisualGDB\EmbeddedBSPs\arm-eabi\com.sysprogs.arm.mbed\libraries\mbed\targets\hal\TARGET_STM\TARGET_STM32F7\i2c_api.c">
      <Filter>Source files\mbed Files</Filter>
    </ClCompile>
    <ClCompile Include="C:\Users\AFM\AppData\Local\VisualGDB\EmbeddedBSPs\arm-eabi\com.sysprogs.arm.mbed\libraries\mbed\targets\hal\TARGET_STM\TARGET_STM32F7\analogout_api.c">
      <Filter>Source files\mbed Files</Filter>
    </ClCompile>
    <ClCompile Include="C:\Users\AFM\AppData\Local\VisualGDB\EmbeddedBSPs\arm-eabi\com.sysprogs.arm.mbed\libraries\mbed\targets\cmsis\TARGET_STM\TARGET_STM32F7\stm32f7xx_hal_wwdg.c">
      <Filter>Source files\mbed Files</Filter>
    </ClCompile>
    <ClCompile Include="C:\Users\AFM\AppData\Local\VisualGDB\EmbeddedBSPs\arm-eabi\com.sysprogs.arm.mbed\libraries\mbed\targets\cmsis\TARGET_STM\TARGET_STM32F7\stm32f7xx_hal_sram.c">
      <Filter>Source files\mbed Files</Filter>
    </ClCompile>
    <ClCompile Include="C:\Users\AFM\AppData\Local\VisualGDB\EmbeddedBSPs\arm-eabi\com.sysprogs.arm.mbed\libraries\mbed\targets\hal\TARGET_STM\TARGET_STM32F7\rtc_api.c">
      <Filter>Source files\mbed Files</Filter>
    </ClCompile>
    <ClCompile Include="C:\Users\AFM\AppData\Local\VisualGDB\EmbeddedBSPs\arm-eabi\com.sysprogs.arm.mbed\libraries\mbed\targets\cmsis\TARGET_STM\TARGET_STM32F7\stm32f7xx_hal_crc.c">
      <Filter>Source files\mbed Files</Filter>
    </ClCompile>
    <ClCompile Include="C:\Users\AFM\AppData\Local\VisualGDB\EmbeddedBSPs\arm-eabi\com.sysprogs.arm.mbed\libraries\mbed\targets\cmsis\TARGET_STM\TARGET_STM32F7\stm32f7xx_hal_sai_ex.c">
      <Filter>Source files\mbed Files</Filter>
    </ClCompile>
    <ClCompile Include="C:\Users\AFM\AppData\Local\VisualGDB\EmbeddedBSPs\arm-eabi\com.sysprogs.arm.mbed\libraries\mbed\targets\cmsis\TARGET_STM\TARGET_STM32F7\stm32f7xx_hal_ltdc.c">
      <Filter>Source files\mbed Files</Filter>
    </ClCompile>
    <ClCompile Include="C:\Users\AFM\AppData\Local\VisualGDB\EmbeddedBSPs\arm-eabi\com.sysprogs.arm.mbed\libraries\mbed\targets\cmsis\TARGET_STM\TARGET_STM32F7\stm32f7xx_hal_spi.c">
      <Filter>Source files\mbed Files</Filter>
    </ClCompile>
    <ClCompile Include="C:\Users\AFM\AppData\Local\VisualGDB\EmbeddedBSPs\arm-eabi\com.sysprogs.arm.mbed\libraries\mbed\targets\cmsis\TARGET_STM\TARGET_STM32F7\stm32f7xx_hal_sd.c">
      <Filter>Source files\mbed Files</Filter>
    </ClCompile>
    <ClCompile Include="C:\Users\AFM\AppData\Local\VisualGDB\EmbeddedBSPs\arm-eabi\com.sysprogs.arm.mbed\libraries\mbed\targets\cmsis\TARGET_STM\TARGET_STM32F7\stm32f7xx_hal_uart.c">
      <Filter>Source files\mbed Files</Filter>
    </ClCompile>
    <ClCompile Include="C:\Users\AFM\AppData\Local\VisualGDB\EmbeddedBSPs\arm-eabi\com.sysprogs.arm.mbed\libraries\mbed\targets\hal\TARGET_STM\TARGET_STM32F7\port_api.c">
      <Filter>Source files\mbed Files</Filter>
    </ClCompile>
    <ClCompile Include="C:\Users\AFM\AppData\Local\VisualGDB\EmbeddedBSPs\arm-eabi\com.sysprogs.arm.mbed\libraries\mbed\targets\cmsis\TARGET_STM\TARGET_STM32F7\stm32f7xx_hal_iwdg.c">
      <Filter>Source files\mbed Files</Filter>
    </ClCompile>
    <ClCompile Include="C:\Users\AFM\AppData\Local\VisualGDB\EmbeddedBSPs\arm-eabi\com.sysprogs.arm.mbed\libraries\mbed\targets\cmsis\TARGET_STM\TARGET_STM32F7\stm32f7xx_hal_spdifrx.c">
      <Filter>Source files\mbed Files</Filter>
    </ClCompile>
    <ClCompile Include="C:\Users\AFM\AppData\Local\VisualGDB\EmbeddedBSPs\arm-eabi\com.sysprogs.arm.mbed\libraries\mbed\targets\cmsis\TARGET_STM\TARGET_STM32F7\stm32f7xx_hal_nor.c">
      <Filter>Source files\mbed Files</Filter>
    </ClCompile>
    <ClCompile Include="C:\Users\AFM\AppData\Local\VisualGDB\EmbeddedBSPs\arm-eabi\com.sysprogs.arm.mbed\libraries\mbed\targets\cmsis\TARGET_STM\TARGET_STM32F7\stm32f7xx_hal_cryp_ex.c">
      <Filter>Source files\mbed Files</Filter>
    </ClCompile>
    <ClCompile Include="C:\Users\AFM\AppData\Local\VisualGDB\EmbeddedBSPs\arm-eabi\com.sysprogs.arm.mbed\libraries\mbed\targets\hal\TARGET_STM\TARGET_STM32F7\pinmap.c">
      <Filter>Source files\mbed Files</Filter>
    </ClCompile>
    <ClCompile Include="C:\Users\AFM\AppData\Local\VisualGDB\EmbeddedBSPs\arm-eabi\com.sysprogs.arm.mbed\libraries\mbed\targets\cmsis\TARGET_STM\TARGET_STM32F7\stm32f7xx_hal_qspi.c">
      <Filter>Source files\mbed Files</Filter>
    </ClCompile>
    <ClCompile Include="C:\Users\AFM\AppData\Local\VisualGDB\EmbeddedBSPs\arm-eabi\com.sysprogs.arm.mbed\libraries\mbed\targets\cmsis\TARGET_STM\TARGET_STM32F7\stm32f7xx_hal_usart.c">
      <Filter>Source files\mbed Files</Filter>
    </ClCompile>
    <ClCompile Include="C:\Users\AFM\AppData\Local\VisualGDB\EmbeddedBSPs\arm-eabi\com.sysprogs.arm.mbed\libraries\mbed\targets\cmsis\TARGET_STM\TARGET_STM32F7\TARGET_DISCO_F746NG\hal_tick.c">
      <Filter>Source files\mbed Files</Filter>
    </ClCompile>
    <ClCompile Include="C:\Users\AFM\AppData\Local\VisualGDB\EmbeddedBSPs\arm-eabi\com.sysprogs.arm.mbed\libraries\mbed\targets\cmsis\TARGET_STM\TARGET_STM32F7\stm32f7xx_hal_i2s.c">
      <Filter>Source files\mbed Files</Filter>
    </ClCompile>
    <ClCompile Include="C:\Users\AFM\AppData\Local\VisualGDB\EmbeddedBSPs\arm-eabi\com.sysprogs.arm.mbed\libraries\mbed\targets\cmsis\TARGET_STM\TARGET_STM32F7\stm32f7xx_hal_i2c_ex.c">
      <Filter>Source files\mbed Files</Filter>
    </ClCompile>
    <ClCompile Include="C:\Users\AFM\AppData\Local\VisualGDB\EmbeddedBSPs\arm-eabi\com.sysprogs.arm.mbed\libraries\mbed\targets\hal\TARGET_STM\TARGET_STM32F7\spi_api.c">
      <Filter>Source files\mbed Files</Filter>
    </ClCompile>
    <ClCompile Include="C:\Users\AFM\AppData\Local\VisualGDB\EmbeddedBSPs\arm-eabi\com.sysprogs.arm.mbed\libraries\mbed\targets\cmsis\TARGET_STM\TARGET_STM32F7\stm32f7xx_hal_pwr.c">
      <Filter>Source files\mbed Files</Filter>
    </ClCompile>
    <ClCompile Include="C:\Users\AFM\AppData\Local\VisualGDB\EmbeddedBSPs\arm-eabi\com.sysprogs.arm.mbed\libraries\mbed\targets\cmsis\TARGET_STM\TARGET_STM32F7\stm32f7xx_hal_flash_ex.c">
      <Filter>Source files\mbed Files</Filter>
    </ClCompile>
    <ClCompile Include="C:\Users\AFM\AppData\Local\VisualGDB\EmbeddedBSPs\arm-eabi\com.sysprogs.arm.mbed\libraries\mbed\targets\cmsis\TARGET_STM\TARGET_STM32F7\stm32f7xx_hal_i2c.c">
      <Filter>Source files\mbed Files</Filter>
    </ClCompile>
    <ClCompile Include="C:\Users\AFM\AppData\Local\VisualGDB\EmbeddedBSPs\arm-eabi\com.sysprogs.arm.mbed\libraries\mbed\targets\cmsis\TARGET_STM\TARGET_STM32F7\stm32f7xx_hal_cortex.c">
      <Filter>Source files\mbed Files</Filter>
    </ClCompile>
    <ClCompile Include="C:\Users\AFM\AppData\Local\VisualGDB\EmbeddedBSPs\arm-eabi\com.sysprogs.arm.mbed\libraries\mbed\targets\cmsis\TARGET_STM\TARGET_STM32F7\stm32f7xx_hal_cryp.c">
      <Filter>Source files\mbed Files</Filter>
    </ClCompile>
    <ClCompile Include="C:\Users\AFM\AppData\Local\VisualGDB\EmbeddedBSPs\arm-eabi\com.sysprogs.arm.mbed\libraries\mbed\targets\cmsis\TARGET_STM\TARGET_STM32F7\stm32f7xx_hal_eth.c">
      <Filter>Source files\mbed Files</Filter>
    </ClCompile>
    <ClCompile Include="C:\Users\AFM\AppData\Local\VisualGDB\EmbeddedBSPs\arm-eabi\com.sysprogs.arm.mbed\libraries\mbed\targets\cmsis\TARGET_STM\TARGET_STM32F7\stm32f7xx_hal_rcc_ex.c">
      <Filter>Source files\mbed Files</Filter>
    </ClCompile>
    <ClCompile Include="C:\Users\AFM\AppData\Local\VisualGDB\EmbeddedBSPs\arm-eabi\com.sysprogs.arm.mbed\libraries\mbed\targets\cmsis\TARGET_STM\TARGET_STM32F7\stm32f7xx_hal_dcmi_ex.c">
      <Filter>Source files\mbed Files</Filter>
    </ClCompile>
    <ClCompile Include="C:\Users\AFM\AppData\Local\VisualGDB\EmbeddedBSPs\arm-eabi\com.sysprogs.arm.mbed\libraries\mbed\targets\cmsis\TARGET_STM\TARGET_STM32F7\stm32f7xx_ll_fmc.c">
      <Filter>Source files\mbed Files</Filter>
    </ClCompile>
    <ClCompile Include="C:\Users\AFM\AppData\Local\VisualGDB\EmbeddedBSPs\arm-eabi\com.sysprogs.arm.mbed\libraries\mbed\targets\cmsis\TARGET_STM\TARGET_STM32F7\stm32f7xx_hal_sdram.c">
      <Filter>Source files\mbed Files</Filter>
    </ClCompile>
    <ClCompile Include="C:\Users\AFM\AppData\Local\VisualGDB\EmbeddedBSPs\arm-eabi\com.sysprogs.arm.mbed\libraries\mbed\targets\hal\TARGET_STM\TARGET_STM32F7\mbed_overrides.c">
      <Filter>Source files\mbed Files</Filter>
    </ClCompile>
    <ClCompile Include="C:\Users\AFM\AppData\Local\VisualGDB\EmbeddedBSPs\arm-eabi\com.sysprogs.arm.mbed\libraries\mbed\targets\cmsis\TARGET_STM\TARGET_STM32F7\stm32f7xx_hal_hash.c">
      <Filter>Source files\mbed Files</Filter>
    </ClCompile>
    <ClCompile Include="C:\Users\AFM\AppData\Local\VisualGDB\EmbeddedBSPs\arm-eabi\com.sysprogs.arm.mbed\libraries\mbed\targets\cmsis\TARGET_STM\TARGET_STM32F7\stm32f7xx_hal_hash_ex.c">
      <Filter>Source files\mbed Files</Filter>
    </ClCompile>
    <ClCompile Include="C:\Users\AFM\AppData\Local\VisualGDB\EmbeddedBSPs\arm-eabi\com.sysprogs.arm.mbed\libraries\mbed\targets\cmsis\TARGET_STM\TARGET_STM32F7\stm32f7xx_hal_gpio.c">
      <Filter>Source files\mbed Files</Filter>
    </ClCompile>
    <ClCompile Include="C:\Users\AFM\AppData\Local\VisualGDB\EmbeddedBSPs\arm-eabi\com.sysprogs.arm.mbed\libraries\mbed\targets\cmsis\TARGET_STM\TARGET_STM32F7\stm32f7xx_hal_tim.c">
      <Filter>Source files\mbed Files</Filter>
    </ClCompile>
    <ClCompile Include="C:\Users\AFM\AppData\Local\VisualGDB\EmbeddedBSPs\arm-eabi\com.sysprogs.arm.mbed\libraries\mbed\targets\cmsis\TARGET_STM\TARGET_STM32F7\stm32f7xx_hal_cec.c">
      <Filter>Source files\mbed Files</Filter>
    </ClCompile>
    <ClCompile Include="C:\Users\AFM\AppData\Local\VisualGDB\EmbeddedBSPs\arm-eabi\com.sysprogs.arm.mbed\libraries\mbed\targets\hal\TARGET_STM\TARGET_STM32F7\us_ticker.c">
      <Filter>Source files\mbed Files</Filter>
    </ClCompile>
    <ClCompile Include="C:\Users\AFM\AppData\Local\VisualGDB\EmbeddedBSPs\arm-eabi\com.sysprogs.arm.mbed\libraries\mbed\targets\cmsis\TARGET_STM\TARGET_STM32F7\stm32f7xx_hal_smartcard.c">
      <Filter>Source files\mbed Files</Filter>
    </ClCompile>
    <ClCompile Include="C:\Users\AFM\AppData\Local\VisualGDB\EmbeddedBSPs\arm-eabi\com.sysprogs.arm.mbed\libraries\mbed\targets\cmsis\TARGET_STM\TARGET_STM32F7\stm32f7xx_hal_dac_ex.c">
      <Filter>Source files\mbed Files</Filter>
    </ClCompile>
    <ClCompile Include="C:\Users\AFM\AppData\Local\VisualGDB\EmbeddedBSPs\arm-eabi\com.sysprogs.arm.mbed\libraries\mbed\targets\hal\TARGET_STM\TARGET_STM32F7\analogin_api.c">
      <Filter>Source files\mbed Files</Filter>
    </ClCompile>
    <ClCompile Include="C:\Users\AFM\AppData\Local\VisualGDB\EmbeddedBSPs\arm-eabi\com.sysprogs.arm.mbed\libraries\mbed\targets\cmsis\TARGET_STM\TARGET_STM32F7\stm32f7xx_hal_can.c">
      <Filter>Source files\mbed Files</Filter>
    </ClCompile>
    <ClCompile Include="C:\Users\AFM\AppData\Local\VisualGDB\EmbeddedBSPs\arm-eabi\com.sysprogs.arm.mbed\libraries\mbed\targets\cmsis\TARGET_STM\TARGET_STM32F7\TARGET_DISCO_F746NG\system_stm32f7xx.c">
      <Filter>Source files\mbed Files</Filter>
    </ClCompile>
    <ClCompile Include="C:\Users\AFM\AppData\Local\VisualGDB\EmbeddedBSPs\arm-eabi\com.sysprogs.arm.mbed\libraries\mbed\targets\cmsis\TARGET_STM\TARGET_STM32F7\stm32f7xx_hal_tim_ex.c">
      <Filter>Source files\mbed Files</Filter>
    </ClCompile>
    <ClCompile Include="C:\Users\AFM\AppData\Local\VisualGDB\EmbeddedBSPs\arm-eabi\com.sysprogs.arm.mbed\libraries\mbed\targets\hal\TARGET_STM\TARGET_STM32F7\gpio_api.c">
      <Filter>Source files\mbed Files</Filter>
    </ClCompile>
    <ClCompile Include="C:\Users\AFM\AppData\Local\VisualGDB\EmbeddedBSPs\arm-eabi\com.sysprogs.arm.mbed\libraries\mbed\targets\hal\TARGET_STM\TARGET_STM32F7\pwmout_api.c">
      <Filter>Source files\mbed Files</Filter>
    </ClCompile>
    <ClCompile Include="C:\Users\AFM\AppData\Local\VisualGDB\EmbeddedBSPs\arm-eabi\com.sysprogs.arm.mbed\libraries\mbed\targets\hal\TARGET_STM\TARGET_STM32F7\serial_api.c">
      <Filter>Source files\mbed Files</Filter>
    </ClCompile>
    <ClCompile Include="C:\Users\AFM\AppData\Local\VisualGDB\EmbeddedBSPs\arm-eabi\com.sysprogs.arm.mbed\libraries\mbed\targets\cmsis\TARGET_STM\TARGET_STM32F7\stm32f7xx_hal_rtc.c">
      <Filter>Source files\mbed Files</Filter>
    </ClCompile>
    <ClCompile Include="C:\Users\AFM\AppData\Local\VisualGDB\EmbeddedBSPs\arm-eabi\com.sysprogs.arm.mbed\libraries\mbed\targets\cmsis\TARGET_STM\TARGET_STM32F7\stm32f7xx_hal_dma2d.c">
      <Filter>Source files\mbed Files</Filter>
    </ClCompile>
    <ClCompile Include="C:\Users\AFM\AppData\Local\VisualGDB\EmbeddedBSPs\arm-eabi\com.sysprogs.arm.mbed\libraries\mbed\targets\hal\TARGET_STM\TARGET_STM32F7\sleep.c">
      <Filter>Source files\mbed Files</Filter>
    </ClCompile>
    <ClCompile Include="HAL_USB_driver\stm32fxxx_it.c">
      <Filter>Source files\HAL_USB_driver</Filter>
    </ClCompile>
    <ClCompile Include="HAL_USB_driver\tm_stm32_adc.c">
      <Filter>Source files\HAL_USB_driver</Filter>
    </ClCompile>
    <ClCompile Include="HAL_USB_driver\tm_stm32_am2301.c">
      <Filter>Source files\HAL_USB_driver</Filter>
    </ClCompile>
    <ClCompile Include="HAL_USB_driver\tm_stm32_bor.c">
      <Filter>Source files\HAL_USB_driver</Filter>
    </ClCompile>
    <ClCompile Include="HAL_USB_driver\tm_stm32_buffer.c">
      <Filter>Source files\HAL_USB_driver</Filter>
    </ClCompile>
    <ClCompile Include="HAL_USB_driver\tm_stm32_button.c">
      <Filter>Source files\HAL_USB_driver</Filter>
    </ClCompile>
    <ClCompile Include="HAL_USB_driver\tm_stm32_cpu_load.c">
      <Filter>Source files\HAL_USB_driver</Filter>
    </ClCompile>
    <ClCompile Include="HAL_USB_driver\tm_stm32_crc.c">
      <Filter>Source files\HAL_USB_driver</Filter>
    </ClCompile>
    <ClCompile Include="HAL_USB_driver\tm_stm32_dac.c">
      <Filter>Source files\HAL_USB_driver</Filter>
    </ClCompile>
    <ClCompile Include="HAL_USB_driver\tm_stm32_delay.c">
      <Filter>Source files\HAL_USB_driver</Filter>
    </ClCompile>
    <ClCompile Include="HAL_USB_driver\tm_stm32_disco.c">
      <Filter>Source files\HAL_USB_driver</Filter>
    </ClCompile>
    <ClCompile Include="HAL_USB_driver\tm_stm32_dma2d_graphic.c">
      <Filter>Source files\HAL_USB_driver</Filter>
    </ClCompile>
    <ClCompile Include="HAL_USB_driver\tm_stm32_exti.c">
      <Filter>Source files\HAL_USB_driver</Filter>
    </ClCompile>
    <ClCompile Include="HAL_USB_driver\tm_stm32_fonts.c">
      <Filter>Source files\HAL_USB_driver</Filter>
    </ClCompile>
    <ClCompile Include="HAL_USB_driver\tm_stm32_general.c">
      <Filter>Source files\HAL_USB_driver</Filter>
    </ClCompile>
    <ClCompile Include="HAL_USB_driver\tm_stm32_gpio.c">
      <Filter>Source files\HAL_USB_driver</Filter>
    </ClCompile>
    <ClCompile Include="HAL_USB_driver\tm_stm32_gps.c">
      <Filter>Source files\HAL_USB_driver</Filter>
    </ClCompile>
    <ClCompile Include="HAL_USB_driver\tm_stm32_hd44780.c">
      <Filter>Source files\HAL_USB_driver</Filter>
    </ClCompile>
    <ClCompile Include="HAL_USB_driver\tm_stm32_i2c.c">
      <Filter>Source files\HAL_USB_driver</Filter>
    </ClCompile>
    <ClCompile Include="HAL_USB_driver\tm_stm32_id.c">
      <Filter>Source files\HAL_USB_driver</Filter>
    </ClCompile>
    <ClCompile Include="HAL_USB_driver\tm_stm32_iwdg.c">
      <Filter>Source files\HAL_USB_driver</Filter>
    </ClCompile>
    <ClCompile Include="HAL_USB_driver\tm_stm32_lcd.c">
      <Filter>Source files\HAL_USB_driver</Filter>
    </ClCompile>
    <ClCompile Include="HAL_USB_driver\tm_stm32_library_template.c">
      <Filter>Source files\HAL_USB_driver</Filter>
    </ClCompile>
    <ClCompile Include="HAL_USB_driver\tm_stm32_onewire.c">
      <Filter>Source files\HAL_USB_driver</Filter>
    </ClCompile>
    <ClCompile Include="HAL_USB_driver\tm_stm32_pvd.c">
      <Filter>Source files\HAL_USB_driver</Filter>
    </ClCompile>
    <ClCompile Include="HAL_USB_driver\tm_stm32_rcc.c">
      <Filter>Source files\HAL_USB_driver</Filter>
    </ClCompile>
    <ClCompile Include="HAL_USB_driver\tm_stm32_rng.c">
      <Filter>Source files\HAL_USB_driver</Filter>
    </ClCompile>
    <ClCompile Include="HAL_USB_driver\tm_stm32_rtc.c">
      <Filter>Source files\HAL_USB_driver</Filter>
    </ClCompile>
    <ClCompile Include="HAL_USB_driver\tm_stm32_sdram.c">
      <Filter>Source files\HAL_USB_driver</Filter>
    </ClCompile>
    <ClCompile Include="HAL_USB_driver\tm_stm32_spi.c">
      <Filter>Source files\HAL_USB_driver</Filter>
    </ClCompile>
    <ClCompile Include="HAL_USB_driver\tm_stm32_string.c">
      <Filter>Source files\HAL_USB_driver</Filter>
    </ClCompile>
    <ClCompile Include="HAL_USB_driver\tm_stm32_touch.c">
      <Filter>Source files\HAL_USB_driver</Filter>
    </ClCompile>
    <ClCompile Include="HAL_USB_driver\tm_stm32_usart.c">
      <Filter>Source files\HAL_USB_driver</Filter>
    </ClCompile>
    <ClCompile Include="HAL_USB_driver\tm_stm32_usb.c">
      <Filter>Source files\HAL_USB_driver</Filter>
    </ClCompile>
    <ClCompile Include="HAL_USB_driver\tm_stm32_usb_device.c">
      <Filter>Source files\HAL_USB_driver</Filter>
    </ClCompile>
    <ClCompile Include="HAL_USB_driver\tm_stm32_usb_device_cdc.c">
      <Filter>Source files\HAL_USB_driver</Filter>
    </ClCompile>
    <ClCompile Include="HAL_USB_driver\usbd_audio.c">
      <Filter>Source files\HAL_USB_driver</Filter>
    </ClCompile>
    <ClCompile Include="HAL_USB_driver\usbd_audio_if_template.c">
      <Filter>Source files\HAL_USB_driver</Filter>
    </ClCompile>
    <ClCompile Include="HAL_USB_driver\usbd_cdc.c">
      <Filter>Source files\HAL_USB_driver</Filter>
    </ClCompile>
    <ClCompile Include="HAL_USB_driver\usbd_cdc_if.c">
      <Filter>Source files\HAL_USB_driver</Filter>
    </ClCompile>
    <ClCompile Include="HAL_USB_driver\usbd_conf.c">
      <Filter>Source files\HAL_USB_driver</Filter>
    </ClCompile>
    <ClCompile Include="HAL_USB_driver\usbd_core.c">
      <Filter>Source files\HAL_USB_driver</Filter>
    </ClCompile>
    <ClCompile Include="HAL_USB_driver\usbd_ctlreq.c">
      <Filter>Source files\HAL_USB_driver</Filter>
    </ClCompile>
    <ClCompile Include="HAL_USB_driver\usbd_hid.c">
      <Filter>Source files\HAL_USB_driver</Filter>
    </ClCompile>
    <ClCompile Include="HAL_USB_driver\usbd_ioreq.c">
      <Filter>Source files\HAL_USB_driver</Filter>
    </ClCompile>
    <ClCompile Include="HAL_USB_driver\usbd_template.c">
      <Filter>Source files\HAL_USB_driver</Filter>
    </ClCompile>
    <ClCompile Include="AFM_Program\main.cpp">
      <Filter>Source files\AFM_Program</Filter>
    </ClCompile>
    <ClCompile Include="AFM_Program\USBSerial.cpp">
      <Filter>Source files\AFM_Program</Filter>
    </ClCompile>
    <ClCompile Include="AFM_Program\define_AFM_hardware.cpp">
      <Filter>Source files\AFM_Program</Filter>
    </ClCompile>
    <ClCompile Include="AFM_Program\SWSPI.cpp">
      <Filter>Source files\AFM_Program</Filter>
    </ClCompile>
    <ClCompile Include="AFM_Program\RunningMedian.cpp">
      <Filter>Source files\AFM_Program</Filter>
    </ClCompile>
    <ClCompile Include="AFM_Program\PID_v1.cpp">
      <Filter>Source files\AFM_Program</Filter>
    </ClCompile>
    <ClCompile Include="AFM_Program\AFM_functions.cpp">
      <Filter>Source files\AFM_Program</Filter>
    </ClCompile>
    <ClCompile Include="AFM_Program\DAC.cpp">
      <Filter>Source files\AFM_Program</Filter>
    </ClCompile>
    <ClCompile Include="AFM_Program\ADC_Chain.cpp">
      <Filter>Source files\AFM_Program</Filter>
    </ClCompile>
    <ClCompile Include="AFM_Program\ADC_Temperature.cpp">
      <Filter>Source files\AFM_Program</Filter>
    </ClCompile>
    <ClCompile Include="AFM_Program\define_AFM_platform.cpp">
      <Filter>Source files\AFM_Program</Filter>
    </ClCompile>
  </ItemGroup>
  <ItemGroup>
    <None Include="Makefile" />
    <None Include="debug.mak">
      <Filter>Make files</Filter>
    </None>
    <None Include="release.mak">
      <Filter>Make files</Filter>
    </None>
    <None Include="mbed.mak">
      <Filter>Source files\mbed Files</Filter>
    </None>
    <None Include="C:\Users\AFM\AppData\Local\VisualGDB\EmbeddedBSPs\arm-eabi\com.sysprogs.arm.mbed\libraries\mbed\targets\cmsis\TARGET_STM\TARGET_STM32F7\TARGET_DISCO_F746NG\TOOLCHAIN_GCC_ARM\startup_stm32f746xx.S">
      <Filter>Source files\mbed Files</Filter>
    </None>
  </ItemGroup>
  <ItemGroup>
    <ClInclude Include="C:\Users\AFM\AppData\Local\VisualGDB\EmbeddedBSPs\arm-eabi\com.sysprogs.arm.mbed\libraries\mbed\api\FileHandle.h">
      <Filter>Header files\mbed Files</Filter>
    </ClInclude>
    <ClInclude Include="C:\Users\AFM\AppData\Local\VisualGDB\EmbeddedBSPs\arm-eabi\com.sysprogs.arm.mbed\libraries\mbed\hal\i2c_api.h">
      <Filter>Header files\mbed Files</Filter>
    </ClInclude>
    <ClInclude Include="C:\Users\AFM\AppData\Local\VisualGDB\EmbeddedBSPs\arm-eabi\com.sysprogs.arm.mbed\libraries\mbed\api\PortIn.h">
      <Filter>Header files\mbed Files</Filter>
    </ClInclude>
    <ClInclude Include="C:\Users\AFM\AppData\Local\VisualGDB\EmbeddedBSPs\arm-eabi\com.sysprogs.arm.mbed\libraries\mbed\api\AnalogOut.h">
      <Filter>Header files\mbed Files</Filter>
    </ClInclude>
    <ClInclude Include="C:\Users\AFM\AppData\Local\VisualGDB\EmbeddedBSPs\arm-eabi\com.sysprogs.arm.mbed\libraries\mbed\api\InterruptIn.h">
      <Filter>Header files\mbed Files</Filter>
    </ClInclude>
    <ClInclude Include="C:\Users\AFM\AppData\Local\VisualGDB\EmbeddedBSPs\arm-eabi\com.sysprogs.arm.mbed\libraries\mbed\api\SerialBase.h">
      <Filter>Header files\mbed Files</Filter>
    </ClInclude>
    <ClInclude Include="C:\Users\AFM\AppData\Local\VisualGDB\EmbeddedBSPs\arm-eabi\com.sysprogs.arm.mbed\libraries\mbed\api\I2C.h">
      <Filter>Header files\mbed Files</Filter>
    </ClInclude>
    <ClInclude Include="C:\Users\AFM\AppData\Local\VisualGDB\EmbeddedBSPs\arm-eabi\com.sysprogs.arm.mbed\libraries\mbed\api\CAN.h">
      <Filter>Header files\mbed Files</Filter>
    </ClInclude>
    <ClInclude Include="C:\Users\AFM\AppData\Local\VisualGDB\EmbeddedBSPs\arm-eabi\com.sysprogs.arm.mbed\libraries\mbed\api\Ticker.h">
      <Filter>Header files\mbed Files</Filter>
    </ClInclude>
    <ClInclude Include="C:\Users\AFM\AppData\Local\VisualGDB\EmbeddedBSPs\arm-eabi\com.sysprogs.arm.mbed\libraries\mbed\api\FilePath.h">
      <Filter>Header files\mbed Files</Filter>
    </ClInclude>
    <ClInclude Include="C:\Users\AFM\AppData\Local\VisualGDB\EmbeddedBSPs\arm-eabi\com.sysprogs.arm.mbed\libraries\mbed\api\mbed_debug.h">
      <Filter>Header files\mbed Files</Filter>
    </ClInclude>
    <ClInclude Include="C:\Users\AFM\AppData\Local\VisualGDB\EmbeddedBSPs\arm-eabi\com.sysprogs.arm.mbed\libraries\mbed\api\FileBase.h">
      <Filter>Header files\mbed Files</Filter>
    </ClInclude>
    <ClInclude Include="C:\Users\AFM\AppData\Local\VisualGDB\EmbeddedBSPs\arm-eabi\com.sysprogs.arm.mbed\libraries\mbed\hal\dma_api.h">
      <Filter>Header files\mbed Files</Filter>
    </ClInclude>
    <ClInclude Include="C:\Users\AFM\AppData\Local\VisualGDB\EmbeddedBSPs\arm-eabi\com.sysprogs.arm.mbed\libraries\mbed\hal\pinmap.h">
      <Filter>Header files\mbed Files</Filter>
    </ClInclude>
    <ClInclude Include="C:\Users\AFM\AppData\Local\VisualGDB\EmbeddedBSPs\arm-eabi\com.sysprogs.arm.mbed\libraries\mbed\targets\cmsis\arm_math.h">
      <Filter>Header files\mbed Files</Filter>
    </ClInclude>
    <ClInclude Include="C:\Users\AFM\AppData\Local\VisualGDB\EmbeddedBSPs\arm-eabi\com.sysprogs.arm.mbed\libraries\mbed\hal\port_api.h">
      <Filter>Header files\mbed Files</Filter>
    </ClInclude>
    <ClInclude Include="C:\Users\AFM\AppData\Local\VisualGDB\EmbeddedBSPs\arm-eabi\com.sysprogs.arm.mbed\libraries\mbed\hal\serial_api.h">
      <Filter>Header files\mbed Files</Filter>
    </ClInclude>
    <ClInclude Include="C:\Users\AFM\AppData\Local\VisualGDB\EmbeddedBSPs\arm-eabi\com.sysprogs.arm.mbed\libraries\mbed\api\Ethernet.h">
      <Filter>Header files\mbed Files</Filter>
    </ClInclude>
    <ClInclude Include="C:\Users\AFM\AppData\Local\VisualGDB\EmbeddedBSPs\arm-eabi\com.sysprogs.arm.mbed\libraries\mbed\hal\spi_api.h">
      <Filter>Header files\mbed Files</Filter>
    </ClInclude>
    <ClInclude Include="C:\Users\AFM\AppData\Local\VisualGDB\EmbeddedBSPs\arm-eabi\com.sysprogs.arm.mbed\libraries\mbed\api\DigitalInOut.h">
      <Filter>Header files\mbed Files</Filter>
    </ClInclude>
    <ClInclude Include="C:\Users\AFM\AppData\Local\VisualGDB\EmbeddedBSPs\arm-eabi\com.sysprogs.arm.mbed\libraries\mbed\targets\cmsis\core_cm0.h">
      <Filter>Header files\mbed Files</Filter>
    </ClInclude>
    <ClInclude Include="C:\Users\AFM\AppData\Local\VisualGDB\EmbeddedBSPs\arm-eabi\com.sysprogs.arm.mbed\libraries\mbed\api\mbed_interface.h">
      <Filter>Header files\mbed Files</Filter>
    </ClInclude>
    <ClInclude Include="C:\Users\AFM\AppData\Local\VisualGDB\EmbeddedBSPs\arm-eabi\com.sysprogs.arm.mbed\libraries\mbed\hal\analogin_api.h">
      <Filter>Header files\mbed Files</Filter>
    </ClInclude>
    <ClInclude Include="C:\Users\AFM\AppData\Local\VisualGDB\EmbeddedBSPs\arm-eabi\com.sysprogs.arm.mbed\libraries\mbed\api\wait_api.h">
      <Filter>Header files\mbed Files</Filter>
    </ClInclude>
    <ClInclude Include="C:\Users\AFM\AppData\Local\VisualGDB\EmbeddedBSPs\arm-eabi\com.sysprogs.arm.mbed\libraries\mbed\targets\cmsis\core_caInstr.h">
      <Filter>Header files\mbed Files</Filter>
    </ClInclude>
    <ClInclude Include="C:\Users\AFM\AppData\Local\VisualGDB\EmbeddedBSPs\arm-eabi\com.sysprogs.arm.mbed\libraries\mbed\hal\can_api.h">
      <Filter>Header files\mbed Files</Filter>
    </ClInclude>
    <ClInclude Include="C:\Users\AFM\AppData\Local\VisualGDB\EmbeddedBSPs\arm-eabi\com.sysprogs.arm.mbed\libraries\mbed\hal\lp_ticker_api.h">
      <Filter>Header files\mbed Files</Filter>
    </ClInclude>
    <ClInclude Include="C:\Users\AFM\AppData\Local\VisualGDB\EmbeddedBSPs\arm-eabi\com.sysprogs.arm.mbed\libraries\mbed\api\BusIn.h">
      <Filter>Header files\mbed Files</Filter>
    </ClInclude>
    <ClInclude Include="C:\Users\AFM\AppData\Local\VisualGDB\EmbeddedBSPs\arm-eabi\com.sysprogs.arm.mbed\libraries\mbed\api\PortOut.h">
      <Filter>Header files\mbed Files</Filter>
    </ClInclude>
    <ClInclude Include="C:\Users\AFM\AppData\Local\VisualGDB\EmbeddedBSPs\arm-eabi\com.sysprogs.arm.mbed\libraries\mbed\api\Timeout.h">
      <Filter>Header files\mbed Files</Filter>
    </ClInclude>
    <ClInclude Include="C:\Users\AFM\AppData\Local\VisualGDB\EmbeddedBSPs\arm-eabi\com.sysprogs.arm.mbed\libraries\mbed\api\SPISlave.h">
      <Filter>Header files\mbed Files</Filter>
    </ClInclude>
    <ClInclude Include="C:\Users\AFM\AppData\Local\VisualGDB\EmbeddedBSPs\arm-eabi\com.sysprogs.arm.mbed\libraries\mbed\api\LowPowerTimer.h">
      <Filter>Header files\mbed Files</Filter>
    </ClInclude>
    <ClInclude Include="C:\Users\AFM\AppData\Local\VisualGDB\EmbeddedBSPs\arm-eabi\com.sysprogs.arm.mbed\libraries\mbed\api\FileLike.h">
      <Filter>Header files\mbed Files</Filter>
    </ClInclude>
    <ClInclude Include="C:\Users\AFM\AppData\Local\VisualGDB\EmbeddedBSPs\arm-eabi\com.sysprogs.arm.mbed\libraries\mbed\hal\sleep_api.h">
      <Filter>Header files\mbed Files</Filter>
    </ClInclude>
    <ClInclude Include="C:\Users\AFM\AppData\Local\VisualGDB\EmbeddedBSPs\arm-eabi\com.sysprogs.arm.mbed\libraries\mbed\api\TimerEvent.h">
      <Filter>Header files\mbed Files</Filter>
    </ClInclude>
    <ClInclude Include="C:\Users\AFM\AppData\Local\VisualGDB\EmbeddedBSPs\arm-eabi\com.sysprogs.arm.mbed\libraries\mbed\targets\cmsis\core_sc300.h">
      <Filter>Header files\mbed Files</Filter>
    </ClInclude>
    <ClInclude Include="C:\Users\AFM\AppData\Local\VisualGDB\EmbeddedBSPs\arm-eabi\com.sysprogs.arm.mbed\libraries\mbed\api\AnalogIn.h">
      <Filter>Header files\mbed Files</Filter>
    </ClInclude>
    <ClInclude Include="C:\Users\AFM\AppData\Local\VisualGDB\EmbeddedBSPs\arm-eabi\com.sysprogs.arm.mbed\libraries\mbed\api\CThunk.h">
      <Filter>Header files\mbed Files</Filter>
    </ClInclude>
    <ClInclude Include="C:\Users\AFM\AppData\Local\VisualGDB\EmbeddedBSPs\arm-eabi\com.sysprogs.arm.mbed\libraries\mbed\api\DigitalIn.h">
      <Filter>Header files\mbed Files</Filter>
    </ClInclude>
    <ClInclude Include="C:\Users\AFM\AppData\Local\VisualGDB\EmbeddedBSPs\arm-eabi\com.sysprogs.arm.mbed\libraries\mbed\api\RawSerial.h">
      <Filter>Header files\mbed Files</Filter>
    </ClInclude>
    <ClInclude Include="C:\Users\AFM\AppData\Local\VisualGDB\EmbeddedBSPs\arm-eabi\com.sysprogs.arm.mbed\libraries\mbed\hal\buffer.h">
      <Filter>Header files\mbed Files</Filter>
    </ClInclude>
    <ClInclude Include="C:\Users\AFM\AppData\Local\VisualGDB\EmbeddedBSPs\arm-eabi\com.sysprogs.arm.mbed\libraries\mbed\api\CircularBuffer.h">
      <Filter>Header files\mbed Files</Filter>
    </ClInclude>
    <ClInclude Include="C:\Users\AFM\AppData\Local\VisualGDB\EmbeddedBSPs\arm-eabi\com.sysprogs.arm.mbed\libraries\mbed\api\CallChain.h">
      <Filter>Header files\mbed Files</Filter>
    </ClInclude>
    <ClInclude Include="C:\Users\AFM\AppData\Local\VisualGDB\EmbeddedBSPs\arm-eabi\com.sysprogs.arm.mbed\libraries\mbed\api\I2CSlave.h">
      <Filter>Header files\mbed Files</Filter>
    </ClInclude>
    <ClInclude Include="C:\Users\AFM\AppData\Local\VisualGDB\EmbeddedBSPs\arm-eabi\com.sysprogs.arm.mbed\libraries\mbed\targets\cmsis\core_cm0plus.h">
      <Filter>Header files\mbed Files</Filter>
    </ClInclude>
    <ClInclude Include="C:\Users\AFM\AppData\Local\VisualGDB\EmbeddedBSPs\arm-eabi\com.sysprogs.arm.mbed\libraries\mbed\api\BusOut.h">
      <Filter>Header files\mbed Files</Filter>
    </ClInclude>
    <ClInclude Include="C:\Users\AFM\AppData\Local\VisualGDB\EmbeddedBSPs\arm-eabi\com.sysprogs.arm.mbed\libraries\mbed\api\mbed_error.h">
      <Filter>Header files\mbed Files</Filter>
    </ClInclude>
    <ClInclude Include="C:\Users\AFM\AppData\Local\VisualGDB\EmbeddedBSPs\arm-eabi\com.sysprogs.arm.mbed\libraries\mbed\hal\us_ticker_api.h">
      <Filter>Header files\mbed Files</Filter>
    </ClInclude>
    <ClInclude Include="C:\Users\AFM\AppData\Local\VisualGDB\EmbeddedBSPs\arm-eabi\com.sysprogs.arm.mbed\libraries\mbed\api\rtc_time.h">
      <Filter>Header files\mbed Files</Filter>
    </ClInclude>
    <ClInclude Include="C:\Users\AFM\AppData\Local\VisualGDB\EmbeddedBSPs\arm-eabi\com.sysprogs.arm.mbed\libraries\mbed\api\platform.h">
      <Filter>Header files\mbed Files</Filter>
    </ClInclude>
    <ClInclude Include="C:\Users\AFM\AppData\Local\VisualGDB\EmbeddedBSPs\arm-eabi\com.sysprogs.arm.mbed\libraries\mbed\api\DigitalOut.h">
      <Filter>Header files\mbed Files</Filter>
    </ClInclude>
    <ClInclude Include="C:\Users\AFM\AppData\Local\VisualGDB\EmbeddedBSPs\arm-eabi\com.sysprogs.arm.mbed\libraries\mbed\api\InterruptManager.h">
      <Filter>Header files\mbed Files</Filter>
    </ClInclude>
    <ClInclude Include="C:\Users\AFM\AppData\Local\VisualGDB\EmbeddedBSPs\arm-eabi\com.sysprogs.arm.mbed\libraries\mbed\api\mbed_assert.h">
      <Filter>Header files\mbed Files</Filter>
    </ClInclude>
    <ClInclude Include="C:\Users\AFM\AppData\Local\VisualGDB\EmbeddedBSPs\arm-eabi\com.sysprogs.arm.mbed\libraries\mbed\targets\cmsis\core_cm4.h">
      <Filter>Header files\mbed Files</Filter>
    </ClInclude>
    <ClInclude Include="C:\Users\AFM\AppData\Local\VisualGDB\EmbeddedBSPs\arm-eabi\com.sysprogs.arm.mbed\libraries\mbed\api\Timer.h">
      <Filter>Header files\mbed Files</Filter>
    </ClInclude>
    <ClInclude Include="C:\Users\AFM\AppData\Local\VisualGDB\EmbeddedBSPs\arm-eabi\com.sysprogs.arm.mbed\libraries\mbed\targets\cmsis\core_cmSimd.h">
      <Filter>Header files\mbed Files</Filter>
    </ClInclude>
    <ClInclude Include="C:\Users\AFM\AppData\Local\VisualGDB\EmbeddedBSPs\arm-eabi\com.sysprogs.arm.mbed\libraries\mbed\targets\cmsis\core_ca_mmu.h">
      <Filter>Header files\mbed Files</Filter>
    </ClInclude>
    <ClInclude Include="C:\Users\AFM\AppData\Local\VisualGDB\EmbeddedBSPs\arm-eabi\com.sysprogs.arm.mbed\libraries\mbed\api\Serial.h">
      <Filter>Header files\mbed Files</Filter>
    </ClInclude>
    <ClInclude Include="C:\Users\AFM\AppData\Local\VisualGDB\EmbeddedBSPs\arm-eabi\com.sysprogs.arm.mbed\libraries\mbed\api\semihost_api.h">
      <Filter>Header files\mbed Files</Filter>
    </ClInclude>
    <ClInclude Include="C:\Users\AFM\AppData\Local\VisualGDB\EmbeddedBSPs\arm-eabi\com.sysprogs.arm.mbed\libraries\mbed\api\LocalFileSystem.h">
      <Filter>Header files\mbed Files</Filter>
    </ClInclude>
    <ClInclude Include="C:\Users\AFM\AppData\Local\VisualGDB\EmbeddedBSPs\arm-eabi\com.sysprogs.arm.mbed\libraries\mbed\targets\cmsis\arm_common_tables.h">
      <Filter>Header files\mbed Files</Filter>
    </ClInclude>
    <ClInclude Include="C:\Users\AFM\AppData\Local\VisualGDB\EmbeddedBSPs\arm-eabi\com.sysprogs.arm.mbed\libraries\mbed\api\mbed.h">
      <Filter>Header files\mbed Files</Filter>
    </ClInclude>
    <ClInclude Include="C:\Users\AFM\AppData\Local\VisualGDB\EmbeddedBSPs\arm-eabi\com.sysprogs.arm.mbed\libraries\mbed\targets\cmsis\core_cmFunc.h">
      <Filter>Header files\mbed Files</Filter>
    </ClInclude>
    <ClInclude Include="C:\Users\AFM\AppData\Local\VisualGDB\EmbeddedBSPs\arm-eabi\com.sysprogs.arm.mbed\libraries\mbed\api\Transaction.h">
      <Filter>Header files\mbed Files</Filter>
    </ClInclude>
    <ClInclude Include="C:\Users\AFM\AppData\Local\VisualGDB\EmbeddedBSPs\arm-eabi\com.sysprogs.arm.mbed\libraries\mbed\api\BusInOut.h">
      <Filter>Header files\mbed Files</Filter>
    </ClInclude>
    <ClInclude Include="C:\Users\AFM\AppData\Local\VisualGDB\EmbeddedBSPs\arm-eabi\com.sysprogs.arm.mbed\libraries\mbed\api\LowPowerTicker.h">
      <Filter>Header files\mbed Files</Filter>
    </ClInclude>
    <ClInclude Include="C:\Users\AFM\AppData\Local\VisualGDB\EmbeddedBSPs\arm-eabi\com.sysprogs.arm.mbed\libraries\mbed\targets\cmsis\core_ca9.h">
      <Filter>Header files\mbed Files</Filter>
    </ClInclude>
    <ClInclude Include="C:\Users\AFM\AppData\Local\VisualGDB\EmbeddedBSPs\arm-eabi\com.sysprogs.arm.mbed\libraries\mbed\api\PortInOut.h">
      <Filter>Header files\mbed Files</Filter>
    </ClInclude>
    <ClInclude Include="C:\Users\AFM\AppData\Local\VisualGDB\EmbeddedBSPs\arm-eabi\com.sysprogs.arm.mbed\libraries\mbed\targets\cmsis\arm_const_structs.h">
      <Filter>Header files\mbed Files</Filter>
    </ClInclude>
    <ClInclude Include="C:\Users\AFM\AppData\Local\VisualGDB\EmbeddedBSPs\arm-eabi\com.sysprogs.arm.mbed\libraries\mbed\targets\cmsis\core_cm4_simd.h">
      <Filter>Header files\mbed Files</Filter>
    </ClInclude>
    <ClInclude Include="C:\Users\AFM\AppData\Local\VisualGDB\EmbeddedBSPs\arm-eabi\com.sysprogs.arm.mbed\libraries\mbed\api\SPI.h">
      <Filter>Header files\mbed Files</Filter>
    </ClInclude>
    <ClInclude Include="C:\Users\AFM\AppData\Local\VisualGDB\EmbeddedBSPs\arm-eabi\com.sysprogs.arm.mbed\libraries\mbed\api\FileSystemLike.h">
      <Filter>Header files\mbed Files</Filter>
    </ClInclude>
    <ClInclude Include="C:\Users\AFM\AppData\Local\VisualGDB\EmbeddedBSPs\arm-eabi\com.sysprogs.arm.mbed\libraries\mbed\api\FunctionPointer.h">
      <Filter>Header files\mbed Files</Filter>
    </ClInclude>
    <ClInclude Include="C:\Users\AFM\AppData\Local\VisualGDB\EmbeddedBSPs\arm-eabi\com.sysprogs.arm.mbed\libraries\mbed\hal\rtc_api.h">
      <Filter>Header files\mbed Files</Filter>
    </ClInclude>
    <ClInclude Include="C:\Users\AFM\AppData\Local\VisualGDB\EmbeddedBSPs\arm-eabi\com.sysprogs.arm.mbed\libraries\mbed\api\can_helper.h">
      <Filter>Header files\mbed Files</Filter>
    </ClInclude>
    <ClInclude Include="C:\Users\AFM\AppData\Local\VisualGDB\EmbeddedBSPs\arm-eabi\com.sysprogs.arm.mbed\libraries\mbed\targets\cmsis\core_cmInstr.h">
      <Filter>Header files\mbed Files</Filter>
    </ClInclude>
    <ClInclude Include="C:\Users\AFM\AppData\Local\VisualGDB\EmbeddedBSPs\arm-eabi\com.sysprogs.arm.mbed\libraries\mbed\hal\ethernet_api.h">
      <Filter>Header files\mbed Files</Filter>
    </ClInclude>
    <ClInclude Include="C:\Users\AFM\AppData\Local\VisualGDB\EmbeddedBSPs\arm-eabi\com.sysprogs.arm.mbed\libraries\mbed\api\Stream.h">
      <Filter>Header files\mbed Files</Filter>
    </ClInclude>
    <ClInclude Include="C:\Users\AFM\AppData\Local\VisualGDB\EmbeddedBSPs\arm-eabi\com.sysprogs.arm.mbed\libraries\mbed\hal\gpio_irq_api.h">
      <Filter>Header files\mbed Files</Filter>
    </ClInclude>
    <ClInclude Include="C:\Users\AFM\AppData\Local\VisualGDB\EmbeddedBSPs\arm-eabi\com.sysprogs.arm.mbed\libraries\mbed\api\PwmOut.h">
      <Filter>Header files\mbed Files</Filter>
    </ClInclude>
    <ClInclude Include="C:\Users\AFM\AppData\Local\VisualGDB\EmbeddedBSPs\arm-eabi\com.sysprogs.arm.mbed\libraries\mbed\api\LowPowerTimeout.h">
      <Filter>Header files\mbed Files</Filter>
    </ClInclude>
    <ClInclude Include="C:\Users\AFM\AppData\Local\VisualGDB\EmbeddedBSPs\arm-eabi\com.sysprogs.arm.mbed\libraries\mbed\hal\gpio_api.h">
      <Filter>Header files\mbed Files</Filter>
    </ClInclude>
    <ClInclude Include="C:\Users\AFM\AppData\Local\VisualGDB\EmbeddedBSPs\arm-eabi\com.sysprogs.arm.mbed\libraries\mbed\targets\cmsis\core_caFunc.h">
      <Filter>Header files\mbed Files</Filter>
    </ClInclude>
    <ClInclude Include="C:\Users\AFM\AppData\Local\VisualGDB\EmbeddedBSPs\arm-eabi\com.sysprogs.arm.mbed\libraries\mbed\targets\cmsis\core_cm7.h">
      <Filter>Header files\mbed Files</Filter>
    </ClInclude>
    <ClInclude Include="C:\Users\AFM\AppData\Local\VisualGDB\EmbeddedBSPs\arm-eabi\com.sysprogs.arm.mbed\libraries\mbed\hal\analogout_api.h">
      <Filter>Header files\mbed Files</Filter>
    </ClInclude>
    <ClInclude Include="C:\Users\AFM\AppData\Local\VisualGDB\EmbeddedBSPs\arm-eabi\com.sysprogs.arm.mbed\libraries\mbed\api\DirHandle.h">
      <Filter>Header files\mbed Files</Filter>
    </ClInclude>
    <ClInclude Include="C:\Users\AFM\AppData\Local\VisualGDB\EmbeddedBSPs\arm-eabi\com.sysprogs.arm.mbed\libraries\mbed\hal\ticker_api.h">
      <Filter>Header files\mbed Files</Filter>
    </ClInclude>
    <ClInclude Include="C:\Users\AFM\AppData\Local\VisualGDB\EmbeddedBSPs\arm-eabi\com.sysprogs.arm.mbed\libraries\mbed\hal\pwmout_api.h">
      <Filter>Header files\mbed Files</Filter>
    </ClInclude>
    <ClInclude Include="C:\Users\AFM\AppData\Local\VisualGDB\EmbeddedBSPs\arm-eabi\com.sysprogs.arm.mbed\libraries\mbed\targets\cmsis\core_cm3.h">
      <Filter>Header files\mbed Files</Filter>
    </ClInclude>
    <ClInclude Include="C:\Users\AFM\AppData\Local\VisualGDB\EmbeddedBSPs\arm-eabi\com.sysprogs.arm.mbed\libraries\mbed\api\toolchain.h">
      <Filter>Header files\mbed Files</Filter>
    </ClInclude>
    <ClInclude Include="C:\Users\AFM\AppData\Local\VisualGDB\EmbeddedBSPs\arm-eabi\com.sysprogs.arm.mbed\libraries\mbed\targets\cmsis\core_sc000.h">
      <Filter>Header files\mbed Files</Filter>
    </ClInclude>
    <ClInclude Include="C:\Users\AFM\AppData\Local\VisualGDB\EmbeddedBSPs\arm-eabi\com.sysprogs.arm.mbed\libraries\mbed\targets\cmsis\TARGET_STM\TARGET_STM32F7\stm32f7xx_hal_rtc_ex.h">
      <Filter>Header files\mbed Files</Filter>
    </ClInclude>
    <ClInclude Include="C:\Users\AFM\AppData\Local\VisualGDB\EmbeddedBSPs\arm-eabi\com.sysprogs.arm.mbed\libraries\mbed\targets\cmsis\TARGET_STM\TARGET_STM32F7\stm32f7xx_hal_dcmi_ex.h">
      <Filter>Header files\mbed Files</Filter>
    </ClInclude>
    <ClInclude Include="C:\Users\AFM\AppData\Local\VisualGDB\EmbeddedBSPs\arm-eabi\com.sysprogs.arm.mbed\libraries\mbed\targets\cmsis\TARGET_STM\TARGET_STM32F7\stm32f7xx_hal_dcmi.h">
      <Filter>Header files\mbed Files</Filter>
    </ClInclude>
    <ClInclude Include="C:\Users\AFM\AppData\Local\VisualGDB\EmbeddedBSPs\arm-eabi\com.sysprogs.arm.mbed\libraries\mbed\targets\cmsis\TARGET_STM\TARGET_STM32F7\stm32f7xx_hal_rcc.h">
      <Filter>Header files\mbed Files</Filter>
    </ClInclude>
    <ClInclude Include="C:\Users\AFM\AppData\Local\VisualGDB\EmbeddedBSPs\arm-eabi\com.sysprogs.arm.mbed\libraries\mbed\targets\hal\TARGET_STM\TARGET_STM32F7\PeripheralPins.h">
      <Filter>Header files\mbed Files</Filter>
    </ClInclude>
    <ClInclude Include="C:\Users\AFM\AppData\Local\VisualGDB\EmbeddedBSPs\arm-eabi\com.sysprogs.arm.mbed\libraries\mbed\targets\cmsis\TARGET_STM\TARGET_STM32F7\stm32f7xx_hal_sai_ex.h">
      <Filter>Header files\mbed Files</Filter>
    </ClInclude>
    <ClInclude Include="C:\Users\AFM\AppData\Local\VisualGDB\EmbeddedBSPs\arm-eabi\com.sysprogs.arm.mbed\libraries\mbed\targets\cmsis\TARGET_STM\TARGET_STM32F7\TARGET_DISCO_F746NG\hal_tick.h">
      <Filter>Header files\mbed Files</Filter>
    </ClInclude>
    <ClInclude Include="C:\Users\AFM\AppData\Local\VisualGDB\EmbeddedBSPs\arm-eabi\com.sysprogs.arm.mbed\libraries\mbed\targets\cmsis\TARGET_STM\TARGET_STM32F7\stm32f7xx_hal_irda_ex.h">
      <Filter>Header files\mbed Files</Filter>
    </ClInclude>
    <ClInclude Include="C:\Users\AFM\AppData\Local\VisualGDB\EmbeddedBSPs\arm-eabi\com.sysprogs.arm.mbed\libraries\mbed\targets\cmsis\TARGET_STM\TARGET_STM32F7\stm32f7xx_hal_usart.h">
      <Filter>Header files\mbed Files</Filter>
    </ClInclude>
    <ClInclude Include="C:\Users\AFM\AppData\Local\VisualGDB\EmbeddedBSPs\arm-eabi\com.sysprogs.arm.mbed\libraries\mbed\targets\cmsis\TARGET_STM\TARGET_STM32F7\stm32f7xx_hal_i2c.h">
      <Filter>Header files\mbed Files</Filter>
    </ClInclude>
    <ClInclude Include="C:\Users\AFM\AppData\Local\VisualGDB\EmbeddedBSPs\arm-eabi\com.sysprogs.arm.mbed\libraries\mbed\targets\cmsis\TARGET_STM\TARGET_STM32F7\stm32f7xx_hal_eth.h">
      <Filter>Header files\mbed Files</Filter>
    </ClInclude>
    <ClInclude Include="C:\Users\AFM\AppData\Local\VisualGDB\EmbeddedBSPs\arm-eabi\com.sysprogs.arm.mbed\libraries\mbed\targets\cmsis\TARGET_STM\TARGET_STM32F7\stm32f7xx_hal_rcc_ex.h">
      <Filter>Header files\mbed Files</Filter>
    </ClInclude>
    <ClInclude Include="C:\Users\AFM\AppData\Local\VisualGDB\EmbeddedBSPs\arm-eabi\com.sysprogs.arm.mbed\libraries\mbed\targets\cmsis\TARGET_STM\TARGET_STM32F7\stm32f7xx_hal_nand.h">
      <Filter>Header files\mbed Files</Filter>
    </ClInclude>
    <ClInclude Include="C:\Users\AFM\AppData\Local\VisualGDB\EmbeddedBSPs\arm-eabi\com.sysprogs.arm.mbed\libraries\mbed\targets\cmsis\TARGET_STM\TARGET_STM32F7\stm32f7xx_hal_usart_ex.h">
      <Filter>Header files\mbed Files</Filter>
    </ClInclude>
    <ClInclude Include="C:\Users\AFM\AppData\Local\VisualGDB\EmbeddedBSPs\arm-eabi\com.sysprogs.arm.mbed\libraries\mbed\targets\cmsis\TARGET_STM\TARGET_STM32F7\stm32f7xx_hal_cec.h">
      <Filter>Header files\mbed Files</Filter>
    </ClInclude>
    <ClInclude Include="C:\Users\AFM\AppData\Local\VisualGDB\EmbeddedBSPs\arm-eabi\com.sysprogs.arm.mbed\libraries\mbed\targets\cmsis\TARGET_STM\TARGET_STM32F7\stm32f7xx_hal_hcd.h">
      <Filter>Header files\mbed Files</Filter>
    </ClInclude>
    <ClInclude Include="C:\Users\AFM\AppData\Local\VisualGDB\EmbeddedBSPs\arm-eabi\com.sysprogs.arm.mbed\libraries\mbed\targets\cmsis\TARGET_STM\TARGET_STM32F7\TARGET_DISCO_F746NG\stm32f7xx.h">
      <Filter>Header files\mbed Files</Filter>
    </ClInclude>
    <ClInclude Include="C:\Users\AFM\AppData\Local\VisualGDB\EmbeddedBSPs\arm-eabi\com.sysprogs.arm.mbed\libraries\mbed\targets\cmsis\TARGET_STM\TARGET_STM32F7\TARGET_DISCO_F746NG\stm32f7xx_hal_conf.h">
      <Filter>Header files\mbed Files</Filter>
    </ClInclude>
    <ClInclude Include="C:\Users\AFM\AppData\Local\VisualGDB\EmbeddedBSPs\arm-eabi\com.sysprogs.arm.mbed\libraries\mbed\targets\cmsis\TARGET_STM\TARGET_STM32F7\stm32f7xx_hal_gpio_ex.h">
      <Filter>Header files\mbed Files</Filter>
    </ClInclude>
    <ClInclude Include="C:\Users\AFM\AppData\Local\VisualGDB\EmbeddedBSPs\arm-eabi\com.sysprogs.arm.mbed\libraries\mbed\targets\cmsis\TARGET_STM\TARGET_STM32F7\stm32f7xx_hal.h">
      <Filter>Header files\mbed Files</Filter>
    </ClInclude>
    <ClInclude Include="C:\Users\AFM\AppData\Local\VisualGDB\EmbeddedBSPs\arm-eabi\com.sysprogs.arm.mbed\libraries\mbed\targets\cmsis\TARGET_STM\TARGET_STM32F7\stm32f7xx_hal_pcd_ex.h">
      <Filter>Header files\mbed Files</Filter>
    </ClInclude>
    <ClInclude Include="C:\Users\AFM\AppData\Local\VisualGDB\EmbeddedBSPs\arm-eabi\com.sysprogs.arm.mbed\libraries\mbed\targets\cmsis\TARGET_STM\TARGET_STM32F7\stm32f7xx_hal_dac.h">
      <Filter>Header files\mbed Files</Filter>
    </ClInclude>
    <ClInclude Include="C:\Users\AFM\AppData\Local\VisualGDB\EmbeddedBSPs\arm-eabi\com.sysprogs.arm.mbed\libraries\mbed\targets\cmsis\TARGET_STM\TARGET_STM32F7\stm32f7xx_hal_dac_ex.h">
      <Filter>Header files\mbed Files</Filter>
    </ClInclude>
    <ClInclude Include="C:\Users\AFM\AppData\Local\VisualGDB\EmbeddedBSPs\arm-eabi\com.sysprogs.arm.mbed\libraries\mbed\targets\hal\TARGET_STM\TARGET_STM32F7\TARGET_DISCO_F746NG\PinNames.h">
      <Filter>Header files\mbed Files</Filter>
    </ClInclude>
    <ClInclude Include="C:\Users\AFM\AppData\Local\VisualGDB\EmbeddedBSPs\arm-eabi\com.sysprogs.arm.mbed\libraries\mbed\targets\cmsis\TARGET_STM\TARGET_STM32F7\stm32f7xx_hal_pcd.h">
      <Filter>Header files\mbed Files</Filter>
    </ClInclude>
    <ClInclude Include="C:\Users\AFM\AppData\Local\VisualGDB\EmbeddedBSPs\arm-eabi\com.sysprogs.arm.mbed\libraries\mbed\targets\cmsis\TARGET_STM\TARGET_STM32F7\stm32f7xx_hal_smartcard_ex.h">
      <Filter>Header files\mbed Files</Filter>
    </ClInclude>
    <ClInclude Include="C:\Users\AFM\AppData\Local\VisualGDB\EmbeddedBSPs\arm-eabi\com.sysprogs.arm.mbed\libraries\mbed\targets\cmsis\TARGET_STM\TARGET_STM32F7\stm32f7xx_hal_tim_ex.h">
      <Filter>Header files\mbed Files</Filter>
    </ClInclude>
    <ClInclude Include="C:\Users\AFM\AppData\Local\VisualGDB\EmbeddedBSPs\arm-eabi\com.sysprogs.arm.mbed\libraries\mbed\targets\cmsis\TARGET_STM\TARGET_STM32F7\stm32f7xx_hal_smartcard.h">
      <Filter>Header files\mbed Files</Filter>
    </ClInclude>
    <ClInclude Include="C:\Users\AFM\AppData\Local\VisualGDB\EmbeddedBSPs\arm-eabi\com.sysprogs.arm.mbed\libraries\mbed\targets\cmsis\TARGET_STM\TARGET_STM32F7\stm32f7xx_hal_sram.h">
      <Filter>Header files\mbed Files</Filter>
    </ClInclude>
    <ClInclude Include="C:\Users\AFM\AppData\Local\VisualGDB\EmbeddedBSPs\arm-eabi\com.sysprogs.arm.mbed\libraries\mbed\targets\cmsis\TARGET_STM\TARGET_STM32F7\stm32f7xx_hal_crc.h">
      <Filter>Header files\mbed Files</Filter>
    </ClInclude>
    <ClInclude Include="C:\Users\AFM\AppData\Local\VisualGDB\EmbeddedBSPs\arm-eabi\com.sysprogs.arm.mbed\libraries\mbed\targets\cmsis\TARGET_STM\TARGET_STM32F7\stm32f7xx_hal_spi.h">
      <Filter>Header files\mbed Files</Filter>
    </ClInclude>
    <ClInclude Include="C:\Users\AFM\AppData\Local\VisualGDB\EmbeddedBSPs\arm-eabi\com.sysprogs.arm.mbed\libraries\mbed\targets\cmsis\TARGET_STM\TARGET_STM32F7\stm32f7xx_hal_uart.h">
      <Filter>Header files\mbed Files</Filter>
    </ClInclude>
    <ClInclude Include="C:\Users\AFM\AppData\Local\VisualGDB\EmbeddedBSPs\arm-eabi\com.sysprogs.arm.mbed\libraries\mbed\targets\cmsis\TARGET_STM\TARGET_STM32F7\stm32f7xx_hal_iwdg.h">
      <Filter>Header files\mbed Files</Filter>
    </ClInclude>
    <ClInclude Include="C:\Users\AFM\AppData\Local\VisualGDB\EmbeddedBSPs\arm-eabi\com.sysprogs.arm.mbed\libraries\mbed\targets\cmsis\TARGET_STM\TARGET_STM32F7\TARGET_DISCO_F746NG\cmsis.h">
      <Filter>Header files\mbed Files</Filter>
    </ClInclude>
    <ClInclude Include="C:\Users\AFM\AppData\Local\VisualGDB\EmbeddedBSPs\arm-eabi\com.sysprogs.arm.mbed\libraries\mbed\targets\cmsis\TARGET_STM\TARGET_STM32F7\stm32f7xx_hal_adc.h">
      <Filter>Header files\mbed Files</Filter>
    </ClInclude>
    <ClInclude Include="C:\Users\AFM\AppData\Local\VisualGDB\EmbeddedBSPs\arm-eabi\com.sysprogs.arm.mbed\libraries\mbed\targets\cmsis\TARGET_STM\TARGET_STM32F7\stm32f7xx_hal_i2s.h">
      <Filter>Header files\mbed Files</Filter>
    </ClInclude>
    <ClInclude Include="C:\Users\AFM\AppData\Local\VisualGDB\EmbeddedBSPs\arm-eabi\com.sysprogs.arm.mbed\libraries\mbed\targets\cmsis\TARGET_STM\TARGET_STM32F7\stm32f7xx_hal_i2c_ex.h">
      <Filter>Header files\mbed Files</Filter>
    </ClInclude>
    <ClInclude Include="C:\Users\AFM\AppData\Local\VisualGDB\EmbeddedBSPs\arm-eabi\com.sysprogs.arm.mbed\libraries\mbed\targets\cmsis\TARGET_STM\TARGET_STM32F7\stm32f7xx_hal_rng.h">
      <Filter>Header files\mbed Files</Filter>
    </ClInclude>
    <ClInclude Include="C:\Users\AFM\AppData\Local\VisualGDB\EmbeddedBSPs\arm-eabi\com.sysprogs.arm.mbed\libraries\mbed\targets\cmsis\TARGET_STM\TARGET_STM32F7\stm32f7xx_hal_flash_ex.h">
      <Filter>Header files\mbed Files</Filter>
    </ClInclude>
    <ClInclude Include="C:\Users\AFM\AppData\Local\VisualGDB\EmbeddedBSPs\arm-eabi\com.sysprogs.arm.mbed\libraries\mbed\targets\cmsis\TARGET_STM\TARGET_STM32F7\stm32f7xx_hal_qspi.h">
      <Filter>Header files\mbed Files</Filter>
    </ClInclude>
    <ClInclude Include="C:\Users\AFM\AppData\Local\VisualGDB\EmbeddedBSPs\arm-eabi\com.sysprogs.arm.mbed\libraries\mbed\targets\cmsis\TARGET_STM\TARGET_STM32F7\TARGET_DISCO_F746NG\system_stm32f7xx.h">
      <Filter>Header files\mbed Files</Filter>
    </ClInclude>
    <ClInclude Include="C:\Users\AFM\AppData\Local\VisualGDB\EmbeddedBSPs\arm-eabi\com.sysprogs.arm.mbed\libraries\mbed\targets\cmsis\TARGET_STM\TARGET_STM32F7\stm32f7xx_hal_hash_ex.h">
      <Filter>Header files\mbed Files</Filter>
    </ClInclude>
    <ClInclude Include="C:\Users\AFM\AppData\Local\VisualGDB\EmbeddedBSPs\arm-eabi\com.sysprogs.arm.mbed\libraries\mbed\targets\cmsis\TARGET_STM\TARGET_STM32F7\stm32f7xx_hal_def.h">
      <Filter>Header files\mbed Files</Filter>
    </ClInclude>
    <ClInclude Include="C:\Users\AFM\AppData\Local\VisualGDB\EmbeddedBSPs\arm-eabi\com.sysprogs.arm.mbed\libraries\mbed\targets\cmsis\TARGET_STM\TARGET_STM32F7\stm32f7xx_hal_rtc.h">
      <Filter>Header files\mbed Files</Filter>
    </ClInclude>
    <ClInclude Include="C:\Users\AFM\AppData\Local\VisualGDB\EmbeddedBSPs\arm-eabi\com.sysprogs.arm.mbed\libraries\mbed\targets\hal\TARGET_STM\TARGET_STM32F7\TARGET_DISCO_F746NG\PortNames.h">
      <Filter>Header files\mbed Files</Filter>
    </ClInclude>
    <ClInclude Include="C:\Users\AFM\AppData\Local\VisualGDB\EmbeddedBSPs\arm-eabi\com.sysprogs.arm.mbed\libraries\mbed\targets\cmsis\TARGET_STM\TARGET_STM32F7\stm32f7xx_hal_sai.h">
      <Filter>Header files\mbed Files</Filter>
    </ClInclude>
    <ClInclude Include="C:\Users\AFM\AppData\Local\VisualGDB\EmbeddedBSPs\arm-eabi\com.sysprogs.arm.mbed\libraries\mbed\targets\cmsis\TARGET_STM\TARGET_STM32F7\stm32f7xx_hal_pwr_ex.h">
      <Filter>Header files\mbed Files</Filter>
    </ClInclude>
    <ClInclude Include="C:\Users\AFM\AppData\Local\VisualGDB\EmbeddedBSPs\arm-eabi\com.sysprogs.arm.mbed\libraries\mbed\targets\cmsis\TARGET_STM\TARGET_STM32F7\stm32f7xx_hal_dma_ex.h">
      <Filter>Header files\mbed Files</Filter>
    </ClInclude>
    <ClInclude Include="C:\Users\AFM\AppData\Local\VisualGDB\EmbeddedBSPs\arm-eabi\com.sysprogs.arm.mbed\libraries\mbed\targets\cmsis\TARGET_STM\TARGET_STM32F7\TARGET_DISCO_F746NG\cmsis_nvic.h">
      <Filter>Header files\mbed Files</Filter>
    </ClInclude>
    <ClInclude Include="C:\Users\AFM\AppData\Local\VisualGDB\EmbeddedBSPs\arm-eabi\com.sysprogs.arm.mbed\libraries\mbed\targets\cmsis\TARGET_STM\TARGET_STM32F7\stm32f7xx_hal_uart_ex.h">
      <Filter>Header files\mbed Files</Filter>
    </ClInclude>
    <ClInclude Include="C:\Users\AFM\AppData\Local\VisualGDB\EmbeddedBSPs\arm-eabi\com.sysprogs.arm.mbed\libraries\mbed\targets\cmsis\TARGET_STM\TARGET_STM32F7\stm32f7xx_hal_sd.h">
      <Filter>Header files\mbed Files</Filter>
    </ClInclude>
    <ClInclude Include="C:\Users\AFM\AppData\Local\VisualGDB\EmbeddedBSPs\arm-eabi\com.sysprogs.arm.mbed\libraries\mbed\targets\cmsis\TARGET_STM\TARGET_STM32F7\stm32f7xx_hal_spdifrx.h">
      <Filter>Header files\mbed Files</Filter>
    </ClInclude>
    <ClInclude Include="C:\Users\AFM\AppData\Local\VisualGDB\EmbeddedBSPs\arm-eabi\com.sysprogs.arm.mbed\libraries\mbed\targets\hal\TARGET_STM\TARGET_STM32F7\TARGET_DISCO_F746NG\objects.h">
      <Filter>Header files\mbed Files</Filter>
    </ClInclude>
    <ClInclude Include="C:\Users\AFM\AppData\Local\VisualGDB\EmbeddedBSPs\arm-eabi\com.sysprogs.arm.mbed\libraries\mbed\targets\cmsis\TARGET_STM\TARGET_STM32F7\stm32f7xx_hal_pwr.h">
      <Filter>Header files\mbed Files</Filter>
    </ClInclude>
    <ClInclude Include="C:\Users\AFM\AppData\Local\VisualGDB\EmbeddedBSPs\arm-eabi\com.sysprogs.arm.mbed\libraries\mbed\targets\cmsis\TARGET_STM\TARGET_STM32F7\stm32f7xx_hal_hash.h">
      <Filter>Header files\mbed Files</Filter>
    </ClInclude>
    <ClInclude Include="C:\Users\AFM\AppData\Local\VisualGDB\EmbeddedBSPs\arm-eabi\com.sysprogs.arm.mbed\libraries\mbed\targets\hal\TARGET_STM\TARGET_STM32F7\TARGET_DISCO_F746NG\device.h">
      <Filter>Header files\mbed Files</Filter>
    </ClInclude>
    <ClInclude Include="C:\Users\AFM\AppData\Local\VisualGDB\EmbeddedBSPs\arm-eabi\com.sysprogs.arm.mbed\libraries\mbed\targets\hal\TARGET_STM\TARGET_STM32F7\gpio_object.h">
      <Filter>Header files\mbed Files</Filter>
    </ClInclude>
    <ClInclude Include="C:\Users\AFM\AppData\Local\VisualGDB\EmbeddedBSPs\arm-eabi\com.sysprogs.arm.mbed\libraries\mbed\targets\cmsis\TARGET_STM\TARGET_STM32F7\stm32f7xx_hal_nor.h">
      <Filter>Header files\mbed Files</Filter>
    </ClInclude>
    <ClInclude Include="C:\Users\AFM\AppData\Local\VisualGDB\EmbeddedBSPs\arm-eabi\com.sysprogs.arm.mbed\libraries\mbed\targets\cmsis\TARGET_STM\TARGET_STM32F7\stm32f7xx_hal_tim.h">
      <Filter>Header files\mbed Files</Filter>
    </ClInclude>
    <ClInclude Include="C:\Users\AFM\AppData\Local\VisualGDB\EmbeddedBSPs\arm-eabi\com.sysprogs.arm.mbed\libraries\mbed\targets\cmsis\TARGET_STM\TARGET_STM32F7\stm32f7xx_hal_flash.h">
      <Filter>Header files\mbed Files</Filter>
    </ClInclude>
    <ClInclude Include="C:\Users\AFM\AppData\Local\VisualGDB\EmbeddedBSPs\arm-eabi\com.sysprogs.arm.mbed\libraries\mbed\targets\cmsis\TARGET_STM\TARGET_STM32F7\TARGET_DISCO_F746NG\stm32f746xx.h">
      <Filter>Header files\mbed Files</Filter>
    </ClInclude>
    <ClInclude Include="C:\Users\AFM\AppData\Local\VisualGDB\EmbeddedBSPs\arm-eabi\com.sysprogs.arm.mbed\libraries\mbed\targets\cmsis\TARGET_STM\TARGET_STM32F7\stm32f7xx_ll_sdmmc.h">
      <Filter>Header files\mbed Files</Filter>
    </ClInclude>
    <ClInclude Include="C:\Users\AFM\AppData\Local\VisualGDB\EmbeddedBSPs\arm-eabi\com.sysprogs.arm.mbed\libraries\mbed\targets\cmsis\TARGET_STM\TARGET_STM32F7\stm32f7xx_hal_dma2d.h">
      <Filter>Header files\mbed Files</Filter>
    </ClInclude>
    <ClInclude Include="C:\Users\AFM\AppData\Local\VisualGDB\EmbeddedBSPs\arm-eabi\com.sysprogs.arm.mbed\libraries\mbed\targets\cmsis\TARGET_STM\TARGET_STM32F7\stm32f7xx_hal_dma.h">
      <Filter>Header files\mbed Files</Filter>
    </ClInclude>
    <ClInclude Include="C:\Users\AFM\AppData\Local\VisualGDB\EmbeddedBSPs\arm-eabi\com.sysprogs.arm.mbed\libraries\mbed\targets\cmsis\TARGET_STM\TARGET_STM32F7\stm32f7xx_hal_wwdg.h">
      <Filter>Header files\mbed Files</Filter>
    </ClInclude>
    <ClInclude Include="C:\Users\AFM\AppData\Local\VisualGDB\EmbeddedBSPs\arm-eabi\com.sysprogs.arm.mbed\libraries\mbed\targets\cmsis\TARGET_STM\TARGET_STM32F7\stm32f7xx_hal_lptim.h">
      <Filter>Header files\mbed Files</Filter>
    </ClInclude>
    <ClInclude Include="C:\Users\AFM\AppData\Local\VisualGDB\EmbeddedBSPs\arm-eabi\com.sysprogs.arm.mbed\libraries\mbed\targets\hal\TARGET_STM\TARGET_STM32F7\TARGET_DISCO_F746NG\PeripheralNames.h">
      <Filter>Header files\mbed Files</Filter>
    </ClInclude>
    <ClInclude Include="C:\Users\AFM\AppData\Local\VisualGDB\EmbeddedBSPs\arm-eabi\com.sysprogs.arm.mbed\libraries\mbed\targets\cmsis\TARGET_STM\TARGET_STM32F7\stm32f7xx_hal_adc_ex.h">
      <Filter>Header files\mbed Files</Filter>
    </ClInclude>
    <ClInclude Include="C:\Users\AFM\AppData\Local\VisualGDB\EmbeddedBSPs\arm-eabi\com.sysprogs.arm.mbed\libraries\mbed\targets\cmsis\TARGET_STM\TARGET_STM32F7\stm32f7xx_ll_usb.h">
      <Filter>Header files\mbed Files</Filter>
    </ClInclude>
    <ClInclude Include="C:\Users\AFM\AppData\Local\VisualGDB\EmbeddedBSPs\arm-eabi\com.sysprogs.arm.mbed\libraries\mbed\targets\cmsis\TARGET_STM\TARGET_STM32F7\stm32f7xx_hal_irda.h">
      <Filter>Header files\mbed Files</Filter>
    </ClInclude>
    <ClInclude Include="C:\Users\AFM\AppData\Local\VisualGDB\EmbeddedBSPs\arm-eabi\com.sysprogs.arm.mbed\libraries\mbed\targets\cmsis\TARGET_STM\TARGET_STM32F7\stm32f7xx_hal_sdram.h">
      <Filter>Header files\mbed Files</Filter>
    </ClInclude>
    <ClInclude Include="C:\Users\AFM\AppData\Local\VisualGDB\EmbeddedBSPs\arm-eabi\com.sysprogs.arm.mbed\libraries\mbed\targets\cmsis\TARGET_STM\TARGET_STM32F7\stm32f7xx_hal_ltdc.h">
      <Filter>Header files\mbed Files</Filter>
    </ClInclude>
    <ClInclude Include="C:\Users\AFM\AppData\Local\VisualGDB\EmbeddedBSPs\arm-eabi\com.sysprogs.arm.mbed\libraries\mbed\targets\cmsis\TARGET_STM\TARGET_STM32F7\stm32f7xx_hal_crc_ex.h">
      <Filter>Header files\mbed Files</Filter>
    </ClInclude>
    <ClInclude Include="C:\Users\AFM\AppData\Local\VisualGDB\EmbeddedBSPs\arm-eabi\com.sysprogs.arm.mbed\libraries\mbed\targets\cmsis\TARGET_STM\TARGET_STM32F7\stm32f7xx_hal_cryp_ex.h">
      <Filter>Header files\mbed Files</Filter>
    </ClInclude>
    <ClInclude Include="C:\Users\AFM\AppData\Local\VisualGDB\EmbeddedBSPs\arm-eabi\com.sysprogs.arm.mbed\libraries\mbed\targets\cmsis\TARGET_STM\TARGET_STM32F7\stm32f7xx_hal_cortex.h">
      <Filter>Header files\mbed Files</Filter>
    </ClInclude>
    <ClInclude Include="C:\Users\AFM\AppData\Local\VisualGDB\EmbeddedBSPs\arm-eabi\com.sysprogs.arm.mbed\libraries\mbed\targets\cmsis\TARGET_STM\TARGET_STM32F7\stm32f7xx_hal_cryp.h">
      <Filter>Header files\mbed Files</Filter>
    </ClInclude>
    <ClInclude Include="C:\Users\AFM\AppData\Local\VisualGDB\EmbeddedBSPs\arm-eabi\com.sysprogs.arm.mbed\libraries\mbed\targets\cmsis\TARGET_STM\TARGET_STM32F7\stm32f7xx_ll_fmc.h">
      <Filter>Header files\mbed Files</Filter>
    </ClInclude>
    <ClInclude Include="C:\Users\AFM\AppData\Local\VisualGDB\EmbeddedBSPs\arm-eabi\com.sysprogs.arm.mbed\libraries\mbed\targets\cmsis\TARGET_STM\TARGET_STM32F7\stm32f7xx_hal_gpio.h">
      <Filter>Header files\mbed Files</Filter>
    </ClInclude>
    <ClInclude Include="C:\Users\AFM\AppData\Local\VisualGDB\EmbeddedBSPs\arm-eabi\com.sysprogs.arm.mbed\libraries\mbed\targets\cmsis\TARGET_STM\TARGET_STM32F7\stm32_hal_legacy.h">
      <Filter>Header files\mbed Files</Filter>
    </ClInclude>
    <ClInclude Include="C:\Users\AFM\AppData\Local\VisualGDB\EmbeddedBSPs\arm-eabi\com.sysprogs.arm.mbed\libraries\mbed\targets\cmsis\TARGET_STM\TARGET_STM32F7\stm32f7xx_hal_can.h">
      <Filter>Header files\mbed Files</Filter>
    </ClInclude>
    <ClInclude Include="HAL_USB_driver\attributes.h">
      <Filter>Header files\HAL_USB_driver</Filter>
    </ClInclude>
    <ClInclude Include="HAL_USB_driver\stm32fxxx_hal.h">
      <Filter>Header files\HAL_USB_driver</Filter>
    </ClInclude>
    <ClInclude Include="HAL_USB_driver\stm32fxxx_it.h">
      <Filter>Header files\HAL_USB_driver</Filter>
    </ClInclude>
    <ClInclude Include="HAL_USB_driver\tm_stm32_adc.h">
      <Filter>Header files\HAL_USB_driver</Filter>
    </ClInclude>
    <ClInclude Include="HAL_USB_driver\tm_stm32_am2301.h">
      <Filter>Header files\HAL_USB_driver</Filter>
    </ClInclude>
    <ClInclude Include="HAL_USB_driver\tm_stm32_bor.h">
      <Filter>Header files\HAL_USB_driver</Filter>
    </ClInclude>
    <ClInclude Include="HAL_USB_driver\tm_stm32_buffer.h">
      <Filter>Header files\HAL_USB_driver</Filter>
    </ClInclude>
    <ClInclude Include="HAL_USB_driver\tm_stm32_button.h">
      <Filter>Header files\HAL_USB_driver</Filter>
    </ClInclude>
    <ClInclude Include="HAL_USB_driver\tm_stm32_cpu_load.h">
      <Filter>Header files\HAL_USB_driver</Filter>
    </ClInclude>
    <ClInclude Include="HAL_USB_driver\tm_stm32_crc.h">
      <Filter>Header files\HAL_USB_driver</Filter>
    </ClInclude>
    <ClInclude Include="HAL_USB_driver\tm_stm32_dac.h">
      <Filter>Header files\HAL_USB_driver</Filter>
    </ClInclude>
    <ClInclude Include="HAL_USB_driver\tm_stm32_delay.h">
      <Filter>Header files\HAL_USB_driver</Filter>
    </ClInclude>
    <ClInclude Include="HAL_USB_driver\tm_stm32_disco.h">
      <Filter>Header files\HAL_USB_driver</Filter>
    </ClInclude>
    <ClInclude Include="HAL_USB_driver\tm_stm32_dma2d_graphic.h">
      <Filter>Header files\HAL_USB_driver</Filter>
    </ClInclude>
    <ClInclude Include="HAL_USB_driver\tm_stm32_exti.h">
      <Filter>Header files\HAL_USB_driver</Filter>
    </ClInclude>
    <ClInclude Include="HAL_USB_driver\tm_stm32_fonts.h">
      <Filter>Header files\HAL_USB_driver</Filter>
    </ClInclude>
    <ClInclude Include="HAL_USB_driver\tm_stm32_general.h">
      <Filter>Header files\HAL_USB_driver</Filter>
    </ClInclude>
    <ClInclude Include="HAL_USB_driver\tm_stm32_gpio.h">
      <Filter>Header files\HAL_USB_driver</Filter>
    </ClInclude>
    <ClInclude Include="HAL_USB_driver\tm_stm32_gps.h">
      <Filter>Header files\HAL_USB_driver</Filter>
    </ClInclude>
    <ClInclude Include="HAL_USB_driver\tm_stm32_hd44780.h">
      <Filter>Header files\HAL_USB_driver</Filter>
    </ClInclude>
    <ClInclude Include="HAL_USB_driver\tm_stm32_i2c.h">
      <Filter>Header files\HAL_USB_driver</Filter>
    </ClInclude>
    <ClInclude Include="HAL_USB_driver\tm_stm32_id.h">
      <Filter>Header files\HAL_USB_driver</Filter>
    </ClInclude>
    <ClInclude Include="HAL_USB_driver\tm_stm32_iwdg.h">
      <Filter>Header files\HAL_USB_driver</Filter>
    </ClInclude>
    <ClInclude Include="HAL_USB_driver\tm_stm32_lcd.h">
      <Filter>Header files\HAL_USB_driver</Filter>
    </ClInclude>
    <ClInclude Include="HAL_USB_driver\tm_stm32_library_template.h">
      <Filter>Header files\HAL_USB_driver</Filter>
    </ClInclude>
    <ClInclude Include="HAL_USB_driver\tm_stm32_onewire.h">
      <Filter>Header files\HAL_USB_driver</Filter>
    </ClInclude>
    <ClInclude Include="HAL_USB_driver\tm_stm32_pvd.h">
      <Filter>Header files\HAL_USB_driver</Filter>
    </ClInclude>
    <ClInclude Include="HAL_USB_driver\tm_stm32_rcc.h">
      <Filter>Header files\HAL_USB_driver</Filter>
    </ClInclude>
    <ClInclude Include="HAL_USB_driver\tm_stm32_rng.h">
      <Filter>Header files\HAL_USB_driver</Filter>
    </ClInclude>
    <ClInclude Include="HAL_USB_driver\tm_stm32_rtc.h">
      <Filter>Header files\HAL_USB_driver</Filter>
    </ClInclude>
    <ClInclude Include="HAL_USB_driver\tm_stm32_sdram.h">
      <Filter>Header files\HAL_USB_driver</Filter>
    </ClInclude>
    <ClInclude Include="HAL_USB_driver\tm_stm32_spi.h">
      <Filter>Header files\HAL_USB_driver</Filter>
    </ClInclude>
    <ClInclude Include="HAL_USB_driver\tm_stm32_string.h">
      <Filter>Header files\HAL_USB_driver</Filter>
    </ClInclude>
    <ClInclude Include="HAL_USB_driver\tm_stm32_touch.h">
      <Filter>Header files\HAL_USB_driver</Filter>
    </ClInclude>
    <ClInclude Include="HAL_USB_driver\tm_stm32_usart.h">
      <Filter>Header files\HAL_USB_driver</Filter>
    </ClInclude>
    <ClInclude Include="HAL_USB_driver\tm_stm32_usb.h">
      <Filter>Header files\HAL_USB_driver</Filter>
    </ClInclude>
    <ClInclude Include="HAL_USB_driver\tm_stm32_usb_device.h">
      <Filter>Header files\HAL_USB_driver</Filter>
    </ClInclude>
    <ClInclude Include="HAL_USB_driver\tm_stm32_usb_device_cdc.h">
      <Filter>Header files\HAL_USB_driver</Filter>
    </ClInclude>
    <ClInclude Include="HAL_USB_driver\usbd_audio.h">
      <Filter>Header files\HAL_USB_driver</Filter>
    </ClInclude>
    <ClInclude Include="HAL_USB_driver\usbd_audio_if_template.h">
      <Filter>Header files\HAL_USB_driver</Filter>
    </ClInclude>
    <ClInclude Include="HAL_USB_driver\usbd_cdc.h">
      <Filter>Header files\HAL_USB_driver</Filter>
    </ClInclude>
    <ClInclude Include="HAL_USB_driver\usbd_cdc_if.h">
      <Filter>Header files\HAL_USB_driver</Filter>
    </ClInclude>
    <ClInclude Include="HAL_USB_driver\usbd_cdc_if_template.h">
      <Filter>Header files\HAL_USB_driver</Filter>
    </ClInclude>
    <ClInclude Include="HAL_USB_driver\usbd_conf.h">
      <Filter>Header files\HAL_USB_driver</Filter>
    </ClInclude>
    <ClInclude Include="HAL_USB_driver\usbd_conf_template.h">
      <Filter>Header files\HAL_USB_driver</Filter>
    </ClInclude>
    <ClInclude Include="HAL_USB_driver\usbd_core.h">
      <Filter>Header files\HAL_USB_driver</Filter>
    </ClInclude>
    <ClInclude Include="HAL_USB_driver\usbd_ctlreq.h">
      <Filter>Header files\HAL_USB_driver</Filter>
    </ClInclude>
    <ClInclude Include="HAL_USB_driver\usbd_def.h">
      <Filter>Header files\HAL_USB_driver</Filter>
    </ClInclude>
    <ClInclude Include="HAL_USB_driver\usbd_desc.h">
      <Filter>Header files\HAL_USB_driver</Filter>
    </ClInclude>
    <ClInclude Include="HAL_USB_driver\usbd_hid.h">
      <Filter>Header files\HAL_USB_driver</Filter>
    </ClInclude>
    <ClInclude Include="HAL_USB_driver\usbd_ioreq.h">
      <Filter>Header files\HAL_USB_driver</Filter>
    </ClInclude>
    <ClInclude Include="HAL_USB_driver\usbd_template.h">
      <Filter>Header files\HAL_USB_driver</Filter>
    </ClInclude>
    <ClInclude Include="AFM_Program\defines.h">
      <Filter>Header files\AFM_Program</Filter>
    </ClInclude>
    <ClInclude Include="AFM_Program\USBSerial.h">
      <Filter>Header files\AFM_Program</Filter>
    </ClInclude>
    <ClInclude Include="AFM_Program\ADC_Temperature.h">
      <Filter>Header files\AFM_Program</Filter>
    </ClInclude>
    <ClInclude Include="AFM_Program\constant_define.h">
      <Filter>Header files\AFM_Program</Filter>
    </ClInclude>
    <ClInclude Include="resource.h">
      <Filter>Header files</Filter>
    </ClInclude>
    <ClInclude Include="AFM_Program\define_AFM_hardware.h">
      <Filter>Header files\AFM_Program</Filter>
    </ClInclude>
    <ClInclude Include="AFM_Program\SWSPI.h">
      <Filter>Header files\AFM_Program</Filter>
    </ClInclude>
    <ClInclude Include="AFM_Program\AFM_functions.h">
      <Filter>Header files\AFM_Program</Filter>
    </ClInclude>
    <ClInclude Include="AFM_Program\define_AFM_platform.h">
      <Filter>Header files\AFM_Program</Filter>
    </ClInclude>
    <ClInclude Include="AFM_Program\main_include.h">
      <Filter>Header files\AFM_Program</Filter>
    </ClInclude>
    <ClInclude Include="AFM_Program\DAC.h">
      <Filter>Header files\AFM_Program</Filter>
    </ClInclude>
    <ClInclude Include="AFM_Program\ADC_Chain.h">
      <Filter>Header files\AFM_Program</Filter>
    </ClInclude>
    <ClInclude Include="AFM_Program\HAL_ADC_Chain.h">
      <Filter>Header files\AFM_Program</Filter>
    </ClInclude>
    <ClInclude Include="AFM_Program\console_serial.h">
      <Filter>Header files\AFM_Program</Filter>
    </ClInclude>
    <ClInclude Include="AFM_Program\RunningMedian.h">
      <Filter>Header files\AFM_Program</Filter>
    </ClInclude>
    <ClInclude Include="AFM_Program\PID_v1.h">
      <Filter>Header files\AFM_Program</Filter>
    </ClInclude>
    <ClInclude Include="AFM_Program\unviersial_function.h">
      <Filter>Header files\AFM_Program</Filter>
    </ClInclude>
    <ClInclude Include="AFM_Program\time_tic_toc.h">
      <Filter>Header files\AFM_Program</Filter>
    </ClInclude>
    <ClInclude Include="AFM_Program\SPI_DAC.h">
      <Filter>Header files\AFM_Program</Filter>
    </ClInclude>
    <ClInclude Include="AFM_Program\SPI_ADC_DAC.h">
      <Filter>Header files\AFM_Program</Filter>
    </ClInclude>
    <ClInclude Include="AFM_Program\piezo_feed_forward.h">
      <Filter>Header files\AFM_Program</Filter>
    </ClInclude>
    <ClInclude Include="AFM_Program\main.h">
      <Filter>Header files\AFM_Program</Filter>
    </ClInclude>
    <ClInclude Include="AFM_Program\function_tests.h">
      <Filter>Header files\AFM_Program</Filter>
    </ClInclude>
  </ItemGroup>
  <ItemGroup>
    <ResourceCompile Include="Project_AFM_Controller_VS.rc">
      <Filter>Resource files</Filter>
    </ResourceCompile>
  </ItemGroup>
</Project>